{
  "version": 4,
  "terraform_version": "0.14.9",
  "serial": 676,
  "lineage": "6722639f-9a19-37dd-5a44-8fe822337a29",
  "outputs": {},
  "resources": [
    {
      "mode": "managed",
      "type": "openstack_compute_flavor_v2",
      "name": "debian_flavor",
      "provider": "provider[\"registry.terraform.io/terraform-provider-openstack/openstack\"]",
      "instances": [
        {
          "schema_version": 0,
          "attributes": {
            "disk": 25,
            "ephemeral": 0,
            "extra_specs": {},
            "flavor_id": "4263e6b3-78f8-4903-b850-3eafdde2879d",
            "id": "4263e6b3-78f8-4903-b850-3eafdde2879d",
            "is_public": true,
            "name": "debian_flavor",
            "ram": 2024,
            "region": "RegionOne",
            "rx_tx_factor": 1,
            "swap": 0,
            "vcpus": 2
          },
          "sensitive_attributes": [],
          "private": "bnVsbA=="
        }
      ]
    },
    {
      "mode": "managed",
      "type": "openstack_compute_flavor_v2",
      "name": "ubuntu_flavor",
      "provider": "provider[\"registry.terraform.io/terraform-provider-openstack/openstack\"]",
      "instances": [
        {
          "schema_version": 0,
          "attributes": {
            "disk": 25,
            "ephemeral": 0,
            "extra_specs": {},
            "flavor_id": "9c8d8382-4c37-4de6-ae4e-a6c1e27f20d8",
            "id": "9c8d8382-4c37-4de6-ae4e-a6c1e27f20d8",
            "is_public": true,
            "name": "ubuntu_flavor",
            "ram": 2024,
            "region": "RegionOne",
            "rx_tx_factor": 1,
            "swap": 0,
            "vcpus": 2
          },
          "sensitive_attributes": [],
          "private": "bnVsbA=="
        }
      ]
    },
    {
      "mode": "managed",
      "type": "openstack_compute_instance_v2",
      "name": "DebianA",
      "provider": "provider[\"registry.terraform.io/terraform-provider-openstack/openstack\"]",
      "instances": [
        {
          "schema_version": 0,
          "attributes": {
            "access_ip_v4": "10.20.30.2",
            "access_ip_v6": "",
            "admin_pass": null,
            "all_metadata": {},
            "all_tags": [],
            "availability_zone": "nova",
            "availability_zone_hints": null,
            "block_device": [
              {
                "boot_index": 0,
                "delete_on_termination": true,
                "destination_type": "volume",
                "device_type": "",
                "disk_bus": "",
                "guest_format": "",
                "source_type": "image",
                "uuid": "52d847d5-ad05-44a2-a118-db9d8214d050",
                "volume_size": 4,
                "volume_type": ""
              }
            ],
            "config_drive": null,
            "flavor_id": "4263e6b3-78f8-4903-b850-3eafdde2879d",
            "flavor_name": "debian_flavor",
            "floating_ip": null,
            "force_delete": false,
            "id": "d78a6432-5f4b-4063-a071-18290c96a53f",
            "image_id": "Attempt to boot from volume - no image supplied",
            "image_name": null,
            "key_pair": "keypair",
            "metadata": null,
            "name": "DebianA",
            "network": [
              {
                "access_network": false,
                "fixed_ip_v4": "10.20.30.2",
                "fixed_ip_v6": "",
                "floating_ip": "",
                "mac": "fa:16:3e:98:53:2a",
                "name": "network01",
                "port": "",
                "uuid": "281a7087-0ff0-4c04-a03f-7f6a30aa9a9b"
              }
            ],
            "network_mode": null,
            "personality": [],
            "power_state": "active",
            "region": "RegionOne",
            "scheduler_hints": [],
            "security_groups": [
              "12426559-d46d-46f8-aae6-164f05c3e92e",
              "58916c13-03bf-47b9-8ca7-518ccba7d736"
            ],
            "stop_before_destroy": false,
            "tags": null,
            "timeouts": null,
            "user_data": null,
            "vendor_options": [],
            "volume": []
          },
          "sensitive_attributes": [],
          "private": "eyJlMmJmYjczMC1lY2FhLTExZTYtOGY4OC0zNDM2M2JjN2M0YzAiOnsiY3JlYXRlIjoxODAwMDAwMDAwMDAwLCJkZWxldGUiOjE4MDAwMDAwMDAwMDAsInVwZGF0ZSI6MTgwMDAwMDAwMDAwMH19",
          "dependencies": [
            "openstack_compute_flavor_v2.debian_flavor",
            "openstack_compute_keypair_v2.keypair",
            "openstack_compute_secgroup_v2.icmp",
            "openstack_compute_secgroup_v2.ssh",
            "openstack_images_image_v2.Debian",
            "openstack_networking_network_v2.network01"
          ]
        }
      ]
    },
    {
      "mode": "managed",
      "type": "openstack_compute_instance_v2",
      "name": "DebianB",
      "provider": "provider[\"registry.terraform.io/terraform-provider-openstack/openstack\"]",
      "instances": [
        {
          "schema_version": 0,
          "attributes": {
            "access_ip_v4": "10.20.30.3",
            "access_ip_v6": "",
            "admin_pass": null,
            "all_metadata": {},
            "all_tags": [],
            "availability_zone": "nova",
            "availability_zone_hints": null,
            "block_device": [
              {
                "boot_index": 0,
                "delete_on_termination": true,
                "destination_type": "volume",
                "device_type": "",
                "disk_bus": "",
                "guest_format": "",
                "source_type": "image",
                "uuid": "52d847d5-ad05-44a2-a118-db9d8214d050",
                "volume_size": 4,
                "volume_type": ""
              }
            ],
            "config_drive": null,
            "flavor_id": "4263e6b3-78f8-4903-b850-3eafdde2879d",
            "flavor_name": "debian_flavor",
            "floating_ip": null,
            "force_delete": false,
            "id": "d19f7477-7c4f-4e73-bf92-e2e26c2e656e",
            "image_id": "Attempt to boot from volume - no image supplied",
            "image_name": null,
            "key_pair": "keypair",
            "metadata": null,
            "name": "DebianB",
            "network": [
              {
                "access_network": false,
                "fixed_ip_v4": "10.20.30.3",
                "fixed_ip_v6": "",
                "floating_ip": "",
                "mac": "fa:16:3e:61:90:b2",
                "name": "network01",
                "port": "",
                "uuid": "281a7087-0ff0-4c04-a03f-7f6a30aa9a9b"
              }
            ],
            "network_mode": null,
            "personality": [],
            "power_state": "active",
            "region": "RegionOne",
            "scheduler_hints": [],
            "security_groups": [
              "12426559-d46d-46f8-aae6-164f05c3e92e",
              "58916c13-03bf-47b9-8ca7-518ccba7d736"
            ],
            "stop_before_destroy": false,
            "tags": null,
            "timeouts": null,
            "user_data": null,
            "vendor_options": [],
            "volume": []
          },
          "sensitive_attributes": [],
          "private": "eyJlMmJmYjczMC1lY2FhLTExZTYtOGY4OC0zNDM2M2JjN2M0YzAiOnsiY3JlYXRlIjoxODAwMDAwMDAwMDAwLCJkZWxldGUiOjE4MDAwMDAwMDAwMDAsInVwZGF0ZSI6MTgwMDAwMDAwMDAwMH19",
          "dependencies": [
            "openstack_compute_flavor_v2.debian_flavor",
            "openstack_compute_keypair_v2.keypair",
            "openstack_compute_secgroup_v2.icmp",
            "openstack_compute_secgroup_v2.ssh",
            "openstack_images_image_v2.Debian",
            "openstack_networking_network_v2.network01"
          ]
        }
      ]
    },
    {
      "mode": "managed",
      "type": "openstack_compute_instance_v2",
      "name": "DebianC",
      "provider": "provider[\"registry.terraform.io/terraform-provider-openstack/openstack\"]",
      "instances": [
        {
          "schema_version": 0,
          "attributes": {
            "access_ip_v4": "172.157.155.2",
            "access_ip_v6": "",
            "admin_pass": null,
            "all_metadata": {},
            "all_tags": [],
            "availability_zone": "nova",
            "availability_zone_hints": null,
            "block_device": [
              {
                "boot_index": 0,
                "delete_on_termination": true,
                "destination_type": "volume",
                "device_type": "",
                "disk_bus": "",
                "guest_format": "",
                "source_type": "image",
                "uuid": "52d847d5-ad05-44a2-a118-db9d8214d050",
                "volume_size": 4,
                "volume_type": ""
              }
            ],
            "config_drive": null,
            "flavor_id": "4263e6b3-78f8-4903-b850-3eafdde2879d",
            "flavor_name": "debian_flavor",
            "floating_ip": null,
            "force_delete": false,
            "id": "9933b028-ce08-4c35-9f86-be1e9b13911f",
            "image_id": "Attempt to boot from volume - no image supplied",
            "image_name": null,
            "key_pair": "keypair",
            "metadata": null,
            "name": "DebianC",
            "network": [
              {
                "access_network": false,
                "fixed_ip_v4": "172.157.155.2",
                "fixed_ip_v6": "",
                "floating_ip": "",
                "mac": "fa:16:3e:87:6a:c7",
                "name": "network02",
                "port": "",
                "uuid": "056c4f22-e558-4e43-9c8d-c582acfeb2cf"
              }
            ],
            "network_mode": null,
            "personality": [],
            "power_state": "active",
            "region": "RegionOne",
            "scheduler_hints": [],
            "security_groups": [
              "12426559-d46d-46f8-aae6-164f05c3e92e",
              "58916c13-03bf-47b9-8ca7-518ccba7d736"
            ],
            "stop_before_destroy": false,
            "tags": null,
            "timeouts": null,
            "user_data": null,
            "vendor_options": [],
            "volume": []
          },
          "sensitive_attributes": [],
          "private": "eyJlMmJmYjczMC1lY2FhLTExZTYtOGY4OC0zNDM2M2JjN2M0YzAiOnsiY3JlYXRlIjoxODAwMDAwMDAwMDAwLCJkZWxldGUiOjE4MDAwMDAwMDAwMDAsInVwZGF0ZSI6MTgwMDAwMDAwMDAwMH19",
          "dependencies": [
            "openstack_compute_flavor_v2.debian_flavor",
            "openstack_compute_keypair_v2.keypair",
            "openstack_compute_secgroup_v2.icmp",
            "openstack_compute_secgroup_v2.ssh",
            "openstack_images_image_v2.Debian",
            "openstack_networking_network_v2.network02"
          ]
        }
      ]
    },
    {
      "mode": "managed",
      "type": "openstack_compute_instance_v2",
      "name": "DebianD",
      "provider": "provider[\"registry.terraform.io/terraform-provider-openstack/openstack\"]",
      "instances": [
        {
          "schema_version": 0,
          "attributes": {
            "access_ip_v4": "172.157.155.3",
            "access_ip_v6": "",
            "admin_pass": null,
            "all_metadata": {},
            "all_tags": [],
            "availability_zone": "nova",
            "availability_zone_hints": null,
            "block_device": [
              {
                "boot_index": 0,
                "delete_on_termination": true,
                "destination_type": "volume",
                "device_type": "",
                "disk_bus": "",
                "guest_format": "",
                "source_type": "image",
                "uuid": "52d847d5-ad05-44a2-a118-db9d8214d050",
                "volume_size": 4,
                "volume_type": ""
              }
            ],
            "config_drive": null,
            "flavor_id": "4263e6b3-78f8-4903-b850-3eafdde2879d",
            "flavor_name": "debian_flavor",
            "floating_ip": null,
            "force_delete": false,
            "id": "640b547c-ccc8-4d1f-8ae8-ef205ace4a3c",
            "image_id": "Attempt to boot from volume - no image supplied",
            "image_name": null,
            "key_pair": "keypair",
            "metadata": null,
            "name": "DebianD",
            "network": [
              {
                "access_network": false,
                "fixed_ip_v4": "172.157.155.3",
                "fixed_ip_v6": "",
                "floating_ip": "",
                "mac": "fa:16:3e:42:7a:06",
                "name": "network02",
                "port": "",
                "uuid": "056c4f22-e558-4e43-9c8d-c582acfeb2cf"
              }
            ],
            "network_mode": null,
            "personality": [],
            "power_state": "active",
            "region": "RegionOne",
            "scheduler_hints": [],
            "security_groups": [
              "12426559-d46d-46f8-aae6-164f05c3e92e",
              "58916c13-03bf-47b9-8ca7-518ccba7d736"
            ],
            "stop_before_destroy": false,
            "tags": null,
            "timeouts": null,
            "user_data": null,
            "vendor_options": [],
            "volume": []
          },
          "sensitive_attributes": [],
          "private": "eyJlMmJmYjczMC1lY2FhLTExZTYtOGY4OC0zNDM2M2JjN2M0YzAiOnsiY3JlYXRlIjoxODAwMDAwMDAwMDAwLCJkZWxldGUiOjE4MDAwMDAwMDAwMDAsInVwZGF0ZSI6MTgwMDAwMDAwMDAwMH19",
          "dependencies": [
            "openstack_compute_flavor_v2.debian_flavor",
            "openstack_compute_keypair_v2.keypair",
            "openstack_compute_secgroup_v2.icmp",
            "openstack_compute_secgroup_v2.ssh",
            "openstack_images_image_v2.Debian",
            "openstack_networking_network_v2.network02"
          ]
        }
      ]
    },
    {
      "mode": "managed",
      "type": "openstack_compute_instance_v2",
      "name": "DebianE",
      "provider": "provider[\"registry.terraform.io/terraform-provider-openstack/openstack\"]",
      "instances": [
        {
          "schema_version": 0,
          "attributes": {
            "access_ip_v4": "10.20.30.4",
            "access_ip_v6": "",
            "admin_pass": null,
            "all_metadata": {},
            "all_tags": [],
            "availability_zone": "nova",
            "availability_zone_hints": null,
            "block_device": [
              {
                "boot_index": 0,
                "delete_on_termination": true,
                "destination_type": "volume",
                "device_type": "",
                "disk_bus": "",
                "guest_format": "",
                "source_type": "image",
                "uuid": "52d847d5-ad05-44a2-a118-db9d8214d050",
                "volume_size": 4,
                "volume_type": ""
              }
            ],
            "config_drive": null,
            "flavor_id": "4263e6b3-78f8-4903-b850-3eafdde2879d",
            "flavor_name": "debian_flavor",
            "floating_ip": null,
            "force_delete": false,
            "id": "70470a14-9833-4d39-9b3c-0aec10db332f",
            "image_id": "Attempt to boot from volume - no image supplied",
            "image_name": null,
            "key_pair": "keypair",
            "metadata": null,
            "name": "DebianE",
            "network": [
              {
                "access_network": false,
                "fixed_ip_v4": "10.20.30.4",
                "fixed_ip_v6": "",
                "floating_ip": "",
                "mac": "fa:16:3e:91:b6:f1",
                "name": "network01",
                "port": "",
                "uuid": "281a7087-0ff0-4c04-a03f-7f6a30aa9a9b"
              },
              {
                "access_network": false,
                "fixed_ip_v4": "172.157.155.4",
                "fixed_ip_v6": "",
                "floating_ip": "",
                "mac": "fa:16:3e:14:19:d2",
                "name": "network02",
                "port": "",
                "uuid": "056c4f22-e558-4e43-9c8d-c582acfeb2cf"
              }
            ],
            "network_mode": null,
            "personality": [],
            "power_state": "active",
            "region": "RegionOne",
            "scheduler_hints": [],
            "security_groups": [
              "12426559-d46d-46f8-aae6-164f05c3e92e",
              "58916c13-03bf-47b9-8ca7-518ccba7d736"
            ],
            "stop_before_destroy": false,
            "tags": null,
            "timeouts": null,
            "user_data": null,
            "vendor_options": [],
            "volume": []
          },
          "sensitive_attributes": [],
          "private": "eyJlMmJmYjczMC1lY2FhLTExZTYtOGY4OC0zNDM2M2JjN2M0YzAiOnsiY3JlYXRlIjoxODAwMDAwMDAwMDAwLCJkZWxldGUiOjE4MDAwMDAwMDAwMDAsInVwZGF0ZSI6MTgwMDAwMDAwMDAwMH19",
          "dependencies": [
            "openstack_compute_flavor_v2.debian_flavor",
            "openstack_compute_keypair_v2.keypair",
            "openstack_compute_secgroup_v2.icmp",
            "openstack_compute_secgroup_v2.ssh",
            "openstack_images_image_v2.Debian",
            "openstack_networking_network_v2.network01",
            "openstack_networking_network_v2.network02"
          ]
        }
      ]
    },
    {
      "mode": "managed",
      "type": "openstack_compute_keypair_v2",
      "name": "keypair",
      "provider": "provider[\"registry.terraform.io/terraform-provider-openstack/openstack\"]",
      "instances": [
        {
          "schema_version": 0,
          "attributes": {
            "fingerprint": "15:08:3f:be:8d:c3:15:ff:70:fd:d9:d0:ae:56:2a:54",
            "id": "keypair",
            "name": "keypair",
            "private_key": "",
            "public_key": "ssh-rsa AAAAB3NzaC1yc2EAAAADAQABAAABAQDnfASYKOdgKXiXKHf2jykODPc99knXfOxnkwBP+eDCXXxIl3tGpNjY3X8nJ2qQEoddYEDm/xSPmnBUgRIuQX8G4Kgu2x0N88DsP6LPwr8kU6oI8FRn2MWeE6rVrIIvMRkgVPjk8eWwnfGquvEhwOogVs/3NLCnAKyRhM9DJcYFSHbJy7oURje89mAsjvJf8gaSUFtKwUzZv4/0Qyr10s/ykr6P+9LBucIOAscPM6qHw4VLbzXHyuwGhMjySu9CzDIPJoOtwkLqqZZ0RZGlv+jCkV9XoW1VYhz3305winMrE0vtja4y1CzKdp6xmOU6jNWn/ZeSkj9zatoNwsuIJkBP Generated-by-Nova",
            "region": "RegionOne",
            "value_specs": null
          },
          "sensitive_attributes": [],
          "private": "bnVsbA=="
        }
      ]
    },
    {
      "mode": "managed",
      "type": "openstack_compute_secgroup_v2",
      "name": "icmp",
      "provider": "provider[\"registry.terraform.io/terraform-provider-openstack/openstack\"]",
      "instances": [
        {
          "schema_version": 0,
          "attributes": {
            "description": "Open ping ICMP",
            "id": "12426559-d46d-46f8-aae6-164f05c3e92e",
            "name": "icmp",
            "region": "RegionOne",
            "rule": [
              {
                "cidr": "0.0.0.0/0",
                "from_group_id": "",
                "from_port": -1,
                "id": "cafba28c-9199-4b66-bd2a-197f9a003774",
                "ip_protocol": "icmp",
                "self": false,
                "to_port": -1
              }
            ],
            "timeouts": null
          },
          "sensitive_attributes": [],
          "private": "eyJlMmJmYjczMC1lY2FhLTExZTYtOGY4OC0zNDM2M2JjN2M0YzAiOnsiZGVsZXRlIjo2MDAwMDAwMDAwMDB9fQ=="
        }
      ]
    },
    {
      "mode": "managed",
      "type": "openstack_compute_secgroup_v2",
      "name": "ssh",
      "provider": "provider[\"registry.terraform.io/terraform-provider-openstack/openstack\"]",
      "instances": [
        {
          "schema_version": 0,
          "attributes": {
            "description": "Open input ssh port",
            "id": "58916c13-03bf-47b9-8ca7-518ccba7d736",
            "name": "ssh",
            "region": "RegionOne",
            "rule": [
              {
                "cidr": "0.0.0.0/0",
                "from_group_id": "",
                "from_port": 22,
                "id": "22232e89-aa27-47b6-8a81-5c3a98d4128b",
                "ip_protocol": "tcp",
                "self": false,
                "to_port": 22
              },
              {
                "cidr": "0.0.0.0/0",
                "from_group_id": "",
                "from_port": 8080,
                "id": "024089d6-9807-46c0-9b2a-71f04c45c0dd",
                "ip_protocol": "tcp",
                "self": false,
                "to_port": 8080
              },
              {
                "cidr": "0.0.0.0/0",
                "from_group_id": "",
                "from_port": 80,
                "id": "b9010449-8594-4f2d-8353-de4551688aba",
                "ip_protocol": "tcp",
                "self": false,
                "to_port": 80
              }
            ],
            "timeouts": null
          },
          "sensitive_attributes": [],
          "private": "eyJlMmJmYjczMC1lY2FhLTExZTYtOGY4OC0zNDM2M2JjN2M0YzAiOnsiZGVsZXRlIjo2MDAwMDAwMDAwMDB9fQ=="
        }
      ]
    },
    {
      "mode": "managed",
      "type": "openstack_images_image_v2",
      "name": "Debian",
      "provider": "provider[\"registry.terraform.io/terraform-provider-openstack/openstack\"]",
      "instances": [
        {
          "schema_version": 0,
          "attributes": {
            "checksum": "f98bd41d6cf4d8bf9e6d6bd15f787918",
            "container_format": "bare",
            "created_at": "2021-03-25T15:00:30Z",
            "disk_format": "qcow2",
            "file": "/v2/images/52d847d5-ad05-44a2-a118-db9d8214d050/file",
            "id": "52d847d5-ad05-44a2-a118-db9d8214d050",
            "image_cache_path": "/home/rmba/.terraform/image_cache",
            "image_id": "52d847d5-ad05-44a2-a118-db9d8214d050",
            "image_source_url": null,
            "local_file_path": "images/Debian.qcow2",
            "metadata": {},
            "min_disk_gb": 0,
            "min_ram_mb": 0,
            "name": "Debian.qcow2",
            "owner": "07a5f43630d44a4e9a4df4b7b501a040",
            "properties": {
              "os_hash_algo": "sha512",
              "os_hash_value": "852671418b1d5909ff640bf117154a00d5ebb3b495a03bfe69ab4ffd4b7436ed5a27a713e25465241e27d0fce2cdd6387fe4b99a95425290bf258e276972bc17"
            },
            "protected": false,
            "region": "RegionOne",
            "schema": "/v2/schemas/image",
            "size_bytes": 2148073472,
            "status": "active",
            "tags": null,
            "timeouts": null,
            "update_at": "2021-03-25T15:00:44Z",
            "updated_at": "2021-03-25T15:00:44Z",
            "verify_checksum": null,
            "visibility": "public",
            "web_download": null
          },
          "sensitive_attributes": [],
          "private": "eyJlMmJmYjczMC1lY2FhLTExZTYtOGY4OC0zNDM2M2JjN2M0YzAiOnsiY3JlYXRlIjoxODAwMDAwMDAwMDAwfX0="
        }
      ]
    },
    {
      "mode": "managed",
      "type": "openstack_images_image_v2",
      "name": "Ubuntu",
      "provider": "provider[\"registry.terraform.io/terraform-provider-openstack/openstack\"]",
      "instances": [
        {
          "schema_version": 0,
          "attributes": {
            "checksum": "415842be33b3a94e12c5c005c338e974",
            "container_format": "bare",
            "created_at": "2021-03-25T15:00:30Z",
            "disk_format": "qcow2",
            "file": "/v2/images/4bb6152b-1f02-4638-8b24-b9561a657c10/file",
            "id": "4bb6152b-1f02-4638-8b24-b9561a657c10",
            "image_cache_path": "/home/rmba/.terraform/image_cache",
            "image_id": "4bb6152b-1f02-4638-8b24-b9561a657c10",
            "image_source_url": null,
            "local_file_path": "images/Ubuntu.qcow2",
            "metadata": {},
            "min_disk_gb": 0,
            "min_ram_mb": 0,
            "name": "Ubuntu.qcow2",
            "owner": "07a5f43630d44a4e9a4df4b7b501a040",
            "properties": {
              "os_hash_algo": "sha512",
              "os_hash_value": "388e92fa3e283f9c69a289cfe969523abaf49ea8eedde5983e7f2548f9e5dbb6b09e23d5aae253cf56796006f33936f45ef6ef89e49a9016447863f420b6f4f6"
            },
            "protected": false,
            "region": "RegionOne",
            "schema": "/v2/schemas/image",
            "size_bytes": 2148073472,
            "status": "active",
            "tags": null,
            "timeouts": null,
            "update_at": "2021-03-25T15:00:45Z",
            "updated_at": "2021-03-25T15:00:45Z",
            "verify_checksum": null,
            "visibility": "public",
            "web_download": null
          },
          "sensitive_attributes": [],
          "private": "eyJlMmJmYjczMC1lY2FhLTExZTYtOGY4OC0zNDM2M2JjN2M0YzAiOnsiY3JlYXRlIjoxODAwMDAwMDAwMDAwfX0="
        }
      ]
    },
    {
      "mode": "managed",
      "type": "openstack_networking_network_v2",
      "name": "network01",
      "provider": "provider[\"registry.terraform.io/terraform-provider-openstack/openstack\"]",
      "instances": [
        {
          "schema_version": 0,
          "attributes": {
            "admin_state_up": true,
            "all_tags": [],
            "availability_zone_hints": [],
            "description": "",
            "dns_domain": "",
            "external": false,
            "id": "281a7087-0ff0-4c04-a03f-7f6a30aa9a9b",
            "mtu": 1450,
            "name": "network01",
            "port_security_enabled": true,
            "qos_policy_id": "",
            "region": "RegionOne",
            "segments": [],
            "shared": true,
            "tags": null,
            "tenant_id": "07a5f43630d44a4e9a4df4b7b501a040",
            "timeouts": null,
            "transparent_vlan": false,
            "value_specs": null
          },
          "sensitive_attributes": [],
          "private": "eyJlMmJmYjczMC1lY2FhLTExZTYtOGY4OC0zNDM2M2JjN2M0YzAiOnsiY3JlYXRlIjo2MDAwMDAwMDAwMDAsImRlbGV0ZSI6NjAwMDAwMDAwMDAwfX0="
        }
      ]
    },
    {
      "mode": "managed",
      "type": "openstack_networking_network_v2",
      "name": "network02",
      "provider": "provider[\"registry.terraform.io/terraform-provider-openstack/openstack\"]",
      "instances": [
        {
          "schema_version": 0,
          "attributes": {
            "admin_state_up": true,
            "all_tags": [],
            "availability_zone_hints": [],
            "description": "",
            "dns_domain": "",
            "external": false,
            "id": "056c4f22-e558-4e43-9c8d-c582acfeb2cf",
            "mtu": 1450,
            "name": "network02",
            "port_security_enabled": true,
            "qos_policy_id": "",
            "region": "RegionOne",
            "segments": [],
            "shared": true,
            "tags": null,
            "tenant_id": "07a5f43630d44a4e9a4df4b7b501a040",
            "timeouts": null,
            "transparent_vlan": false,
            "value_specs": null
          },
          "sensitive_attributes": [],
          "private": "eyJlMmJmYjczMC1lY2FhLTExZTYtOGY4OC0zNDM2M2JjN2M0YzAiOnsiY3JlYXRlIjo2MDAwMDAwMDAwMDAsImRlbGV0ZSI6NjAwMDAwMDAwMDAwfX0="
        }
      ]
    },
    {
      "mode": "managed",
      "type": "openstack_networking_router_interface_v2",
      "name": "interface_network01",
      "provider": "provider[\"registry.terraform.io/terraform-provider-openstack/openstack\"]",
      "instances": [
        {
          "schema_version": 0,
          "attributes": {
            "id": "f16a3998-391e-441f-9907-b8be14163768",
            "port_id": "f16a3998-391e-441f-9907-b8be14163768",
            "region": "RegionOne",
            "router_id": "45e31177-68ca-4fcc-86f7-3207763f263d",
            "subnet_id": "f2750b92-133b-4d11-8c72-43f8bcc74d1d",
            "timeouts": null
          },
          "sensitive_attributes": [],
          "private": "eyJlMmJmYjczMC1lY2FhLTExZTYtOGY4OC0zNDM2M2JjN2M0YzAiOnsiY3JlYXRlIjo2MDAwMDAwMDAwMDAsImRlbGV0ZSI6NjAwMDAwMDAwMDAwfX0=",
          "dependencies": [
            "openstack_networking_network_v2.network01",
            "openstack_networking_router_v2.router",
            "openstack_networking_subnet_v2.subnet_network01"
          ]
        }
      ]
    },
    {
      "mode": "managed",
      "type": "openstack_networking_router_interface_v2",
      "name": "interface_network03",
      "provider": "provider[\"registry.terraform.io/terraform-provider-openstack/openstack\"]",
      "instances": [
        {
          "schema_version": 0,
          "attributes": {
            "id": "fedf2a46-9442-4d7a-b4a7-295ee6d6f5ea",
            "port_id": "fedf2a46-9442-4d7a-b4a7-295ee6d6f5ea",
            "region": "RegionOne",
            "router_id": "45e31177-68ca-4fcc-86f7-3207763f263d",
            "subnet_id": "af38a471-c005-4eaa-9790-8b7e1678ab1b",
            "timeouts": null
          },
          "sensitive_attributes": [],
          "private": "eyJlMmJmYjczMC1lY2FhLTExZTYtOGY4OC0zNDM2M2JjN2M0YzAiOnsiY3JlYXRlIjo2MDAwMDAwMDAwMDAsImRlbGV0ZSI6NjAwMDAwMDAwMDAwfX0=",
          "dependencies": [
            "openstack_networking_network_v2.network02",
            "openstack_networking_router_v2.router",
            "openstack_networking_subnet_v2.subnet_network02"
          ]
        }
      ]
    },
    {
      "mode": "managed",
      "type": "openstack_networking_router_v2",
      "name": "router",
      "provider": "provider[\"registry.terraform.io/terraform-provider-openstack/openstack\"]",
      "instances": [
        {
          "schema_version": 0,
          "attributes": {
            "admin_state_up": true,
            "all_tags": [],
            "availability_zone_hints": [],
            "description": "",
            "distributed": false,
            "enable_snat": false,
            "external_fixed_ip": [],
            "external_gateway": "",
            "external_network_id": "",
            "id": "45e31177-68ca-4fcc-86f7-3207763f263d",
            "name": "router",
            "region": "RegionOne",
            "tags": null,
            "tenant_id": "07a5f43630d44a4e9a4df4b7b501a040",
            "timeouts": null,
            "value_specs": null,
            "vendor_options": []
          },
          "sensitive_attributes": [],
          "private": "eyJlMmJmYjczMC1lY2FhLTExZTYtOGY4OC0zNDM2M2JjN2M0YzAiOnsiY3JlYXRlIjo2MDAwMDAwMDAwMDAsImRlbGV0ZSI6NjAwMDAwMDAwMDAwfX0="
        }
      ]
    },
    {
      "mode": "managed",
      "type": "openstack_networking_subnet_v2",
      "name": "subnet_network01",
      "provider": "provider[\"registry.terraform.io/terraform-provider-openstack/openstack\"]",
      "instances": [
        {
          "schema_version": 0,
          "attributes": {
            "all_tags": [],
            "allocation_pool": [
              {
                "end": "10.20.30.6",
                "start": "10.20.30.2"
              }
            ],
            "allocation_pools": [
              {
                "end": "10.20.30.6",
                "start": "10.20.30.2"
              }
            ],
            "cidr": "10.20.30.0/29",
            "description": "",
            "dns_nameservers": null,
            "enable_dhcp": false,
            "gateway_ip": "10.20.30.1",
            "host_routes": [],
            "id": "f2750b92-133b-4d11-8c72-43f8bcc74d1d",
            "ip_version": 4,
            "ipv6_address_mode": "",
            "ipv6_ra_mode": "",
            "name": "",
            "network_id": "281a7087-0ff0-4c04-a03f-7f6a30aa9a9b",
            "no_gateway": false,
            "prefix_length": null,
            "region": "RegionOne",
            "subnetpool_id": "",
            "tags": null,
            "tenant_id": "07a5f43630d44a4e9a4df4b7b501a040",
            "timeouts": null,
            "value_specs": null
          },
          "sensitive_attributes": [],
          "private": "eyJlMmJmYjczMC1lY2FhLTExZTYtOGY4OC0zNDM2M2JjN2M0YzAiOnsiY3JlYXRlIjo2MDAwMDAwMDAwMDAsImRlbGV0ZSI6NjAwMDAwMDAwMDAwfX0=",
          "dependencies": [
            "openstack_networking_network_v2.network01"
          ]
        }
      ]
    },
    {
      "mode": "managed",
      "type": "openstack_networking_subnet_v2",
      "name": "subnet_network02",
      "provider": "provider[\"registry.terraform.io/terraform-provider-openstack/openstack\"]",
      "instances": [
        {
          "schema_version": 0,
          "attributes": {
            "all_tags": [],
            "allocation_pool": [
              {
                "end": "172.157.155.6",
                "start": "172.157.155.2"
              }
            ],
            "allocation_pools": [
              {
                "end": "172.157.155.6",
                "start": "172.157.155.2"
              }
            ],
            "cidr": "172.157.155.0/29",
            "description": "",
            "dns_nameservers": null,
            "enable_dhcp": false,
            "gateway_ip": "172.157.155.1",
            "host_routes": [],
            "id": "af38a471-c005-4eaa-9790-8b7e1678ab1b",
            "ip_version": 4,
            "ipv6_address_mode": "",
            "ipv6_ra_mode": "",
            "name": "",
            "network_id": "056c4f22-e558-4e43-9c8d-c582acfeb2cf",
            "no_gateway": false,
            "prefix_length": null,
            "region": "RegionOne",
            "subnetpool_id": "",
            "tags": null,
            "tenant_id": "07a5f43630d44a4e9a4df4b7b501a040",
            "timeouts": null,
            "value_specs": null
          },
          "sensitive_attributes": [],
          "private": "eyJlMmJmYjczMC1lY2FhLTExZTYtOGY4OC0zNDM2M2JjN2M0YzAiOnsiY3JlYXRlIjo2MDAwMDAwMDAwMDAsImRlbGV0ZSI6NjAwMDAwMDAwMDAwfX0=",
          "dependencies": [
            "openstack_networking_network_v2.network02"
          ]
        }
      ]
    }
  ]
}
