{
  "version": 4,
  "terraform_version": "0.14.9",
  "serial": 1140,
  "lineage": "6722639f-9a19-37dd-5a44-8fe822337a29",
  "outputs": {},
  "resources": [
    {
      "mode": "managed",
      "type": "openstack_compute_flavor_v2",
      "name": "debian_flavor",
      "provider": "provider[\"registry.terraform.io/terraform-provider-openstack/openstack\"]",
      "instances": [
        {
          "schema_version": 0,
          "attributes": {
            "disk": 25,
            "ephemeral": 0,
            "extra_specs": {},
            "flavor_id": "ce6cef3c-6650-4f68-949d-b7d0c1dac114",
            "id": "ce6cef3c-6650-4f68-949d-b7d0c1dac114",
            "is_public": true,
            "name": "debian_flavor",
            "ram": 2024,
            "region": "RegionOne",
            "rx_tx_factor": 1,
            "swap": 0,
            "vcpus": 2
          },
          "sensitive_attributes": [],
          "private": "bnVsbA=="
        }
      ]
    },
    {
      "mode": "managed",
      "type": "openstack_compute_flavor_v2",
      "name": "ubuntu_flavor",
      "provider": "provider[\"registry.terraform.io/terraform-provider-openstack/openstack\"]",
      "instances": [
        {
          "schema_version": 0,
          "attributes": {
            "disk": 25,
            "ephemeral": 0,
            "extra_specs": {},
            "flavor_id": "eb088573-154e-4218-9200-aa481fa841e6",
            "id": "eb088573-154e-4218-9200-aa481fa841e6",
            "is_public": true,
            "name": "ubuntu_flavor",
            "ram": 2024,
            "region": "RegionOne",
            "rx_tx_factor": 1,
            "swap": 0,
            "vcpus": 2
          },
          "sensitive_attributes": [],
          "private": "bnVsbA=="
        }
      ]
    },
    {
      "mode": "managed",
      "type": "openstack_compute_instance_v2",
      "name": "DebianA",
      "provider": "provider[\"registry.terraform.io/terraform-provider-openstack/openstack\"]",
      "instances": [
        {
          "schema_version": 0,
          "attributes": {
            "access_ip_v4": "10.20.30.3",
            "access_ip_v6": "",
            "admin_pass": null,
            "all_metadata": {},
            "all_tags": [],
            "availability_zone": "nova",
            "availability_zone_hints": null,
            "block_device": [
              {
                "boot_index": 0,
                "delete_on_termination": true,
                "destination_type": "volume",
                "device_type": "",
                "disk_bus": "",
                "guest_format": "",
                "source_type": "image",
                "uuid": "f841047a-dfe5-46dd-a916-3870bb1ba265",
                "volume_size": 20,
                "volume_type": ""
              }
            ],
            "config_drive": null,
            "flavor_id": "ce6cef3c-6650-4f68-949d-b7d0c1dac114",
            "flavor_name": "debian_flavor",
            "floating_ip": null,
            "force_delete": false,
            "id": "d23aa7d3-be7b-42e8-86f2-e8ce38e1d21e",
            "image_id": "Attempt to boot from volume - no image supplied",
            "image_name": null,
            "key_pair": "keypair",
            "metadata": null,
            "name": "DebianA",
            "network": [
              {
                "access_network": false,
                "fixed_ip_v4": "10.20.30.3",
                "fixed_ip_v6": "",
                "floating_ip": "",
                "mac": "fa:16:3e:53:6a:a0",
                "name": "network01",
                "port": "",
                "uuid": "a75c8f76-3ca7-4ed5-8861-0eb79de0406f"
              }
            ],
            "network_mode": null,
            "personality": [],
            "power_state": "active",
            "region": "RegionOne",
            "scheduler_hints": [],
            "security_groups": [
              "1879ee9b-f349-4e1e-a960-f6d73475199e",
              "57eeaad6-74f5-4938-b999-f195f777d986"
            ],
            "stop_before_destroy": false,
            "tags": [],
            "timeouts": null,
            "user_data": null,
            "vendor_options": [],
            "volume": []
          },
          "sensitive_attributes": [],
          "private": "eyJlMmJmYjczMC1lY2FhLTExZTYtOGY4OC0zNDM2M2JjN2M0YzAiOnsiY3JlYXRlIjoxODAwMDAwMDAwMDAwLCJkZWxldGUiOjE4MDAwMDAwMDAwMDAsInVwZGF0ZSI6MTgwMDAwMDAwMDAwMH19",
          "dependencies": [
            "openstack_compute_flavor_v2.debian_flavor",
            "openstack_compute_keypair_v2.keypair",
            "openstack_compute_secgroup_v2.icmp",
            "openstack_compute_secgroup_v2.ssh",
            "openstack_networking_network_v2.network01"
          ]
        }
      ]
    },
    {
      "mode": "managed",
      "type": "openstack_compute_instance_v2",
      "name": "DebianB",
      "provider": "provider[\"registry.terraform.io/terraform-provider-openstack/openstack\"]",
      "instances": [
        {
          "schema_version": 0,
          "attributes": {
            "access_ip_v4": "10.20.30.4",
            "access_ip_v6": "",
            "admin_pass": null,
            "all_metadata": {},
            "all_tags": [],
            "availability_zone": "nova",
            "availability_zone_hints": null,
            "block_device": [
              {
                "boot_index": 0,
                "delete_on_termination": true,
                "destination_type": "volume",
                "device_type": "",
                "disk_bus": "",
                "guest_format": "",
                "source_type": "image",
                "uuid": "f841047a-dfe5-46dd-a916-3870bb1ba265",
                "volume_size": 20,
                "volume_type": ""
              }
            ],
            "config_drive": null,
            "flavor_id": "ce6cef3c-6650-4f68-949d-b7d0c1dac114",
            "flavor_name": "debian_flavor",
            "floating_ip": null,
            "force_delete": false,
            "id": "08fafa33-2228-4656-903f-4ddc46303fd8",
            "image_id": "Attempt to boot from volume - no image supplied",
            "image_name": null,
            "key_pair": "keypair",
            "metadata": null,
            "name": "DebianB",
            "network": [
              {
                "access_network": false,
                "fixed_ip_v4": "10.20.30.4",
                "fixed_ip_v6": "",
                "floating_ip": "",
                "mac": "fa:16:3e:c1:3b:ac",
                "name": "network01",
                "port": "",
                "uuid": "a75c8f76-3ca7-4ed5-8861-0eb79de0406f"
              }
            ],
            "network_mode": null,
            "personality": [],
            "power_state": "active",
            "region": "RegionOne",
            "scheduler_hints": [],
            "security_groups": [
              "1879ee9b-f349-4e1e-a960-f6d73475199e",
              "57eeaad6-74f5-4938-b999-f195f777d986"
            ],
            "stop_before_destroy": false,
            "tags": [],
            "timeouts": null,
            "user_data": null,
            "vendor_options": [],
            "volume": []
          },
          "sensitive_attributes": [],
          "private": "eyJlMmJmYjczMC1lY2FhLTExZTYtOGY4OC0zNDM2M2JjN2M0YzAiOnsiY3JlYXRlIjoxODAwMDAwMDAwMDAwLCJkZWxldGUiOjE4MDAwMDAwMDAwMDAsInVwZGF0ZSI6MTgwMDAwMDAwMDAwMH19",
          "dependencies": [
            "openstack_compute_flavor_v2.debian_flavor",
            "openstack_compute_keypair_v2.keypair",
            "openstack_compute_secgroup_v2.icmp",
            "openstack_compute_secgroup_v2.ssh",
            "openstack_networking_network_v2.network01"
          ]
        }
      ]
    },
    {
      "mode": "managed",
      "type": "openstack_compute_instance_v2",
      "name": "DebianC",
      "provider": "provider[\"registry.terraform.io/terraform-provider-openstack/openstack\"]",
      "instances": [
        {
          "status": "tainted",
          "schema_version": 0,
          "attributes": {
            "access_ip_v4": null,
            "access_ip_v6": null,
            "admin_pass": null,
            "all_metadata": null,
            "all_tags": [],
            "availability_zone": null,
            "availability_zone_hints": null,
            "block_device": [
              {
                "boot_index": 0,
                "delete_on_termination": true,
                "destination_type": "volume",
                "device_type": "",
                "disk_bus": "",
                "guest_format": "",
                "source_type": "image",
                "uuid": "f841047a-dfe5-46dd-a916-3870bb1ba265",
                "volume_size": 20,
                "volume_type": ""
              }
            ],
            "config_drive": null,
            "flavor_id": null,
            "flavor_name": "debian_flavor",
            "floating_ip": null,
            "force_delete": false,
            "id": "b5a72aba-9adc-49cb-bc7c-e1d0ad1864e6",
            "image_id": null,
            "image_name": null,
            "key_pair": "keypair",
            "metadata": null,
            "name": "DebianC",
            "network": [
              {
                "access_network": false,
                "fixed_ip_v4": "10.20.30.5",
                "fixed_ip_v6": "",
                "floating_ip": "",
                "mac": "",
                "name": "network01",
                "port": "",
                "uuid": ""
              },
              {
                "access_network": false,
                "fixed_ip_v4": "172.157.155.5",
                "fixed_ip_v6": "",
                "floating_ip": "",
                "mac": "",
                "name": "network02",
                "port": "",
                "uuid": ""
              }
            ],
            "network_mode": null,
            "personality": [],
            "power_state": "active",
            "region": null,
            "scheduler_hints": [],
            "security_groups": [
              "1879ee9b-f349-4e1e-a960-f6d73475199e",
              "57eeaad6-74f5-4938-b999-f195f777d986"
            ],
            "stop_before_destroy": false,
            "tags": null,
            "timeouts": null,
            "user_data": null,
            "vendor_options": [],
            "volume": []
          },
          "sensitive_attributes": [],
          "private": "eyJlMmJmYjczMC1lY2FhLTExZTYtOGY4OC0zNDM2M2JjN2M0YzAiOnsiY3JlYXRlIjoxODAwMDAwMDAwMDAwLCJkZWxldGUiOjE4MDAwMDAwMDAwMDAsInVwZGF0ZSI6MTgwMDAwMDAwMDAwMH19",
          "dependencies": [
            "openstack_compute_flavor_v2.debian_flavor",
            "openstack_compute_keypair_v2.keypair",
            "openstack_compute_secgroup_v2.icmp",
            "openstack_compute_secgroup_v2.ssh",
            "openstack_networking_network_v2.network01",
            "openstack_networking_network_v2.network02"
          ]
        }
      ]
    },
    {
      "mode": "managed",
      "type": "openstack_compute_instance_v2",
      "name": "UbuntuA",
      "provider": "provider[\"registry.terraform.io/terraform-provider-openstack/openstack\"]",
      "instances": [
        {
          "schema_version": 0,
          "attributes": {
            "access_ip_v4": "172.157.155.3",
            "access_ip_v6": "",
            "admin_pass": null,
            "all_metadata": {},
            "all_tags": [],
            "availability_zone": "nova",
            "availability_zone_hints": null,
            "block_device": [
              {
                "boot_index": 0,
                "delete_on_termination": true,
                "destination_type": "volume",
                "device_type": "",
                "disk_bus": "",
                "guest_format": "",
                "source_type": "image",
                "uuid": "a8fa8f2b-d29a-4084-8526-e559c612f3b3",
                "volume_size": 20,
                "volume_type": ""
              }
            ],
            "config_drive": null,
            "flavor_id": "eb088573-154e-4218-9200-aa481fa841e6",
            "flavor_name": "ubuntu_flavor",
            "floating_ip": null,
            "force_delete": false,
            "id": "2c9aa975-8a1f-4c86-9395-88083fb106f4",
            "image_id": "Attempt to boot from volume - no image supplied",
            "image_name": null,
            "key_pair": "keypair",
            "metadata": null,
            "name": "DebianA",
            "network": [
              {
                "access_network": false,
                "fixed_ip_v4": "172.157.155.3",
                "fixed_ip_v6": "",
                "floating_ip": "",
                "mac": "fa:16:3e:88:a2:1c",
                "name": "network02",
                "port": "",
                "uuid": "4579fae5-53c0-4c18-b98c-d6ee97d24906"
              }
            ],
            "network_mode": null,
            "personality": [],
            "power_state": "active",
            "region": "RegionOne",
            "scheduler_hints": [],
            "security_groups": [
              "1879ee9b-f349-4e1e-a960-f6d73475199e",
              "57eeaad6-74f5-4938-b999-f195f777d986"
            ],
            "stop_before_destroy": false,
            "tags": [],
            "timeouts": null,
            "user_data": null,
            "vendor_options": [],
            "volume": []
          },
          "sensitive_attributes": [],
          "private": "eyJlMmJmYjczMC1lY2FhLTExZTYtOGY4OC0zNDM2M2JjN2M0YzAiOnsiY3JlYXRlIjoxODAwMDAwMDAwMDAwLCJkZWxldGUiOjE4MDAwMDAwMDAwMDAsInVwZGF0ZSI6MTgwMDAwMDAwMDAwMH19",
          "dependencies": [
            "openstack_compute_flavor_v2.ubuntu_flavor",
            "openstack_compute_keypair_v2.keypair",
            "openstack_compute_secgroup_v2.icmp",
            "openstack_compute_secgroup_v2.ssh",
            "openstack_networking_network_v2.network02"
          ]
        }
      ]
    },
    {
      "mode": "managed",
      "type": "openstack_compute_instance_v2",
      "name": "UbuntuB",
      "provider": "provider[\"registry.terraform.io/terraform-provider-openstack/openstack\"]",
      "instances": [
        {
          "schema_version": 0,
          "attributes": {
            "access_ip_v4": "172.157.155.4",
            "access_ip_v6": "",
            "admin_pass": null,
            "all_metadata": {},
            "all_tags": [],
            "availability_zone": "nova",
            "availability_zone_hints": null,
            "block_device": [
              {
                "boot_index": 0,
                "delete_on_termination": true,
                "destination_type": "volume",
                "device_type": "",
                "disk_bus": "",
                "guest_format": "",
                "source_type": "image",
                "uuid": "a8fa8f2b-d29a-4084-8526-e559c612f3b3",
                "volume_size": 20,
                "volume_type": ""
              }
            ],
            "config_drive": null,
            "flavor_id": "eb088573-154e-4218-9200-aa481fa841e6",
            "flavor_name": "ubuntu_flavor",
            "floating_ip": null,
            "force_delete": false,
            "id": "752c70b6-7d87-48a3-9097-dded940b387f",
            "image_id": "Attempt to boot from volume - no image supplied",
            "image_name": null,
            "key_pair": "keypair",
            "metadata": null,
            "name": "UbuntuB",
            "network": [
              {
                "access_network": false,
                "fixed_ip_v4": "172.157.155.4",
                "fixed_ip_v6": "",
                "floating_ip": "",
                "mac": "fa:16:3e:5a:fa:2f",
                "name": "network02",
                "port": "",
                "uuid": "4579fae5-53c0-4c18-b98c-d6ee97d24906"
              }
            ],
            "network_mode": null,
            "personality": [],
            "power_state": "active",
            "region": "RegionOne",
            "scheduler_hints": [],
            "security_groups": [
              "1879ee9b-f349-4e1e-a960-f6d73475199e",
              "57eeaad6-74f5-4938-b999-f195f777d986"
            ],
            "stop_before_destroy": false,
            "tags": [],
            "timeouts": null,
            "user_data": null,
            "vendor_options": [],
            "volume": []
          },
          "sensitive_attributes": [],
          "private": "eyJlMmJmYjczMC1lY2FhLTExZTYtOGY4OC0zNDM2M2JjN2M0YzAiOnsiY3JlYXRlIjoxODAwMDAwMDAwMDAwLCJkZWxldGUiOjE4MDAwMDAwMDAwMDAsInVwZGF0ZSI6MTgwMDAwMDAwMDAwMH19",
          "dependencies": [
            "openstack_compute_flavor_v2.ubuntu_flavor",
            "openstack_compute_keypair_v2.keypair",
            "openstack_compute_secgroup_v2.icmp",
            "openstack_compute_secgroup_v2.ssh",
            "openstack_networking_network_v2.network02"
          ]
        }
      ]
    },
    {
      "mode": "managed",
      "type": "openstack_compute_keypair_v2",
      "name": "keypair",
      "provider": "provider[\"registry.terraform.io/terraform-provider-openstack/openstack\"]",
      "instances": [
        {
          "schema_version": 0,
          "attributes": {
            "fingerprint": "15:08:3f:be:8d:c3:15:ff:70:fd:d9:d0:ae:56:2a:54",
            "id": "keypair",
            "name": "keypair",
            "private_key": "",
            "public_key": "ssh-rsa AAAAB3NzaC1yc2EAAAADAQABAAABAQDnfASYKOdgKXiXKHf2jykODPc99knXfOxnkwBP+eDCXXxIl3tGpNjY3X8nJ2qQEoddYEDm/xSPmnBUgRIuQX8G4Kgu2x0N88DsP6LPwr8kU6oI8FRn2MWeE6rVrIIvMRkgVPjk8eWwnfGquvEhwOogVs/3NLCnAKyRhM9DJcYFSHbJy7oURje89mAsjvJf8gaSUFtKwUzZv4/0Qyr10s/ykr6P+9LBucIOAscPM6qHw4VLbzXHyuwGhMjySu9CzDIPJoOtwkLqqZZ0RZGlv+jCkV9XoW1VYhz3305winMrE0vtja4y1CzKdp6xmOU6jNWn/ZeSkj9zatoNwsuIJkBP Generated-by-Nova",
            "region": "RegionOne",
            "value_specs": null
          },
          "sensitive_attributes": [],
          "private": "bnVsbA=="
        }
      ]
    },
    {
      "mode": "managed",
      "type": "openstack_compute_secgroup_v2",
      "name": "icmp",
      "provider": "provider[\"registry.terraform.io/terraform-provider-openstack/openstack\"]",
      "instances": [
        {
          "schema_version": 0,
          "attributes": {
            "description": "Open ping ICMP",
            "id": "1879ee9b-f349-4e1e-a960-f6d73475199e",
            "name": "icmp",
            "region": "RegionOne",
            "rule": [
              {
                "cidr": "0.0.0.0/0",
                "from_group_id": "",
                "from_port": -1,
                "id": "51045693-43b1-4363-ab27-b2ae9b193f9e",
                "ip_protocol": "icmp",
                "self": false,
                "to_port": -1
              }
            ],
            "timeouts": null
          },
          "sensitive_attributes": [],
          "private": "eyJlMmJmYjczMC1lY2FhLTExZTYtOGY4OC0zNDM2M2JjN2M0YzAiOnsiZGVsZXRlIjo2MDAwMDAwMDAwMDB9fQ=="
        }
      ]
    },
    {
      "mode": "managed",
      "type": "openstack_compute_secgroup_v2",
      "name": "ssh",
      "provider": "provider[\"registry.terraform.io/terraform-provider-openstack/openstack\"]",
      "instances": [
        {
          "schema_version": 0,
          "attributes": {
            "description": "Open input ssh port",
            "id": "57eeaad6-74f5-4938-b999-f195f777d986",
            "name": "ssh",
            "region": "RegionOne",
            "rule": [
              {
                "cidr": "0.0.0.0/0",
                "from_group_id": "",
                "from_port": 22,
                "id": "75c9d459-d946-4af1-9c9d-7f30bbc2ebdf",
                "ip_protocol": "tcp",
                "self": false,
                "to_port": 22
              },
              {
                "cidr": "0.0.0.0/0",
                "from_group_id": "",
                "from_port": 8080,
                "id": "9c04309f-c401-457c-8a5d-f57322c87720",
                "ip_protocol": "tcp",
                "self": false,
                "to_port": 8080
              },
              {
                "cidr": "0.0.0.0/0",
                "from_group_id": "",
                "from_port": 80,
                "id": "1052d855-25e9-4845-9935-7ccf448117c8",
                "ip_protocol": "tcp",
                "self": false,
                "to_port": 80
              }
            ],
            "timeouts": null
          },
          "sensitive_attributes": [],
          "private": "eyJlMmJmYjczMC1lY2FhLTExZTYtOGY4OC0zNDM2M2JjN2M0YzAiOnsiZGVsZXRlIjo2MDAwMDAwMDAwMDB9fQ=="
        }
      ]
    },
    {
      "mode": "managed",
      "type": "openstack_networking_network_v2",
      "name": "network01",
      "provider": "provider[\"registry.terraform.io/terraform-provider-openstack/openstack\"]",
      "instances": [
        {
          "schema_version": 0,
          "attributes": {
            "admin_state_up": true,
            "all_tags": [],
            "availability_zone_hints": [],
            "description": "",
            "dns_domain": "",
            "external": false,
            "id": "a75c8f76-3ca7-4ed5-8861-0eb79de0406f",
            "mtu": 1450,
            "name": "network01",
            "port_security_enabled": true,
            "qos_policy_id": "",
            "region": "RegionOne",
            "segments": [],
            "shared": true,
            "tags": [],
            "tenant_id": "4f479196dd7e43dab5080d9cbf9f0112",
            "timeouts": null,
            "transparent_vlan": false,
            "value_specs": null
          },
          "sensitive_attributes": [],
          "private": "eyJlMmJmYjczMC1lY2FhLTExZTYtOGY4OC0zNDM2M2JjN2M0YzAiOnsiY3JlYXRlIjo2MDAwMDAwMDAwMDAsImRlbGV0ZSI6NjAwMDAwMDAwMDAwfX0="
        }
      ]
    },
    {
      "mode": "managed",
      "type": "openstack_networking_network_v2",
      "name": "network02",
      "provider": "provider[\"registry.terraform.io/terraform-provider-openstack/openstack\"]",
      "instances": [
        {
          "schema_version": 0,
          "attributes": {
            "admin_state_up": true,
            "all_tags": [],
            "availability_zone_hints": [],
            "description": "",
            "dns_domain": "",
            "external": false,
            "id": "4579fae5-53c0-4c18-b98c-d6ee97d24906",
            "mtu": 1450,
            "name": "network02",
            "port_security_enabled": true,
            "qos_policy_id": "",
            "region": "RegionOne",
            "segments": [],
            "shared": true,
            "tags": [],
            "tenant_id": "4f479196dd7e43dab5080d9cbf9f0112",
            "timeouts": null,
            "transparent_vlan": false,
            "value_specs": null
          },
          "sensitive_attributes": [],
          "private": "eyJlMmJmYjczMC1lY2FhLTExZTYtOGY4OC0zNDM2M2JjN2M0YzAiOnsiY3JlYXRlIjo2MDAwMDAwMDAwMDAsImRlbGV0ZSI6NjAwMDAwMDAwMDAwfX0="
        }
      ]
    },
    {
      "mode": "managed",
      "type": "openstack_networking_router_interface_v2",
      "name": "interface_network01",
      "provider": "provider[\"registry.terraform.io/terraform-provider-openstack/openstack\"]",
      "instances": [
        {
          "schema_version": 0,
          "attributes": {
            "id": "aea33bd6-3223-4e70-b776-57afd57d1641",
            "port_id": "aea33bd6-3223-4e70-b776-57afd57d1641",
            "region": "RegionOne",
            "router_id": "5135ff54-1e7a-49a8-9715-cdd8ccb198ea",
            "subnet_id": "a696fd33-c0f3-4c8e-af6b-07e61fcdb59a",
            "timeouts": null
          },
          "sensitive_attributes": [],
          "private": "eyJlMmJmYjczMC1lY2FhLTExZTYtOGY4OC0zNDM2M2JjN2M0YzAiOnsiY3JlYXRlIjo2MDAwMDAwMDAwMDAsImRlbGV0ZSI6NjAwMDAwMDAwMDAwfX0=",
          "dependencies": [
            "openstack_networking_network_v2.network01",
            "openstack_networking_router_v2.router",
            "openstack_networking_subnet_v2.subnet_network01"
          ]
        }
      ]
    },
    {
      "mode": "managed",
      "type": "openstack_networking_router_interface_v2",
      "name": "interface_network03",
      "provider": "provider[\"registry.terraform.io/terraform-provider-openstack/openstack\"]",
      "instances": [
        {
          "schema_version": 0,
          "attributes": {
            "id": "26ec8e2c-ee15-4cc0-8a6e-91cf9dad5fbd",
            "port_id": "26ec8e2c-ee15-4cc0-8a6e-91cf9dad5fbd",
            "region": "RegionOne",
            "router_id": "5135ff54-1e7a-49a8-9715-cdd8ccb198ea",
            "subnet_id": "9311d498-3ed2-4ffb-a4bc-cf8331cedaf6",
            "timeouts": null
          },
          "sensitive_attributes": [],
          "private": "eyJlMmJmYjczMC1lY2FhLTExZTYtOGY4OC0zNDM2M2JjN2M0YzAiOnsiY3JlYXRlIjo2MDAwMDAwMDAwMDAsImRlbGV0ZSI6NjAwMDAwMDAwMDAwfX0=",
          "dependencies": [
            "openstack_networking_network_v2.network02",
            "openstack_networking_router_v2.router",
            "openstack_networking_subnet_v2.subnet_network02"
          ]
        }
      ]
    },
    {
      "mode": "managed",
      "type": "openstack_networking_router_v2",
      "name": "router",
      "provider": "provider[\"registry.terraform.io/terraform-provider-openstack/openstack\"]",
      "instances": [
        {
          "schema_version": 0,
          "attributes": {
            "admin_state_up": true,
            "all_tags": [],
            "availability_zone_hints": [],
            "description": "",
            "distributed": false,
            "enable_snat": true,
            "external_fixed_ip": [
              {
                "ip_address": "172.24.4.123",
                "subnet_id": "a90e729f-da64-40aa-9ed3-7cdc7b63ebe0"
              },
              {
                "ip_address": "2001:db8::91",
                "subnet_id": "89730a87-5c14-44f3-88ec-c03e52f1d363"
              }
            ],
            "external_gateway": "f2e717c1-bd23-44c0-a9bc-3b537bba9c3e",
            "external_network_id": "f2e717c1-bd23-44c0-a9bc-3b537bba9c3e",
            "id": "5135ff54-1e7a-49a8-9715-cdd8ccb198ea",
            "name": "router",
            "region": "RegionOne",
            "tags": [],
            "tenant_id": "4f479196dd7e43dab5080d9cbf9f0112",
            "timeouts": null,
            "value_specs": null,
            "vendor_options": []
          },
          "sensitive_attributes": [],
          "private": "eyJlMmJmYjczMC1lY2FhLTExZTYtOGY4OC0zNDM2M2JjN2M0YzAiOnsiY3JlYXRlIjo2MDAwMDAwMDAwMDAsImRlbGV0ZSI6NjAwMDAwMDAwMDAwfX0="
        }
      ]
    },
    {
      "mode": "managed",
      "type": "openstack_networking_subnet_v2",
      "name": "subnet_network01",
      "provider": "provider[\"registry.terraform.io/terraform-provider-openstack/openstack\"]",
      "instances": [
        {
          "schema_version": 0,
          "attributes": {
            "all_tags": [],
            "allocation_pool": [
              {
                "end": "10.20.30.6",
                "start": "10.20.30.2"
              }
            ],
            "allocation_pools": [
              {
                "end": "10.20.30.6",
                "start": "10.20.30.2"
              }
            ],
            "cidr": "10.20.30.0/29",
            "description": "",
            "dns_nameservers": [],
            "enable_dhcp": true,
            "gateway_ip": "10.20.30.1",
            "host_routes": [],
            "id": "a696fd33-c0f3-4c8e-af6b-07e61fcdb59a",
            "ip_version": 4,
            "ipv6_address_mode": "",
            "ipv6_ra_mode": "",
            "name": "",
            "network_id": "a75c8f76-3ca7-4ed5-8861-0eb79de0406f",
            "no_gateway": false,
            "prefix_length": null,
            "region": "RegionOne",
            "subnetpool_id": "",
            "tags": [],
            "tenant_id": "4f479196dd7e43dab5080d9cbf9f0112",
            "timeouts": null,
            "value_specs": null
          },
          "sensitive_attributes": [],
          "private": "eyJlMmJmYjczMC1lY2FhLTExZTYtOGY4OC0zNDM2M2JjN2M0YzAiOnsiY3JlYXRlIjo2MDAwMDAwMDAwMDAsImRlbGV0ZSI6NjAwMDAwMDAwMDAwfX0=",
          "dependencies": [
            "openstack_networking_network_v2.network01"
          ]
        }
      ]
    },
    {
      "mode": "managed",
      "type": "openstack_networking_subnet_v2",
      "name": "subnet_network02",
      "provider": "provider[\"registry.terraform.io/terraform-provider-openstack/openstack\"]",
      "instances": [
        {
          "schema_version": 0,
          "attributes": {
            "all_tags": [],
            "allocation_pool": [
              {
                "end": "172.157.155.6",
                "start": "172.157.155.2"
              }
            ],
            "allocation_pools": [
              {
                "end": "172.157.155.6",
                "start": "172.157.155.2"
              }
            ],
            "cidr": "172.157.155.0/29",
            "description": "",
            "dns_nameservers": [],
            "enable_dhcp": true,
            "gateway_ip": "172.157.155.1",
            "host_routes": [],
            "id": "9311d498-3ed2-4ffb-a4bc-cf8331cedaf6",
            "ip_version": 4,
            "ipv6_address_mode": "",
            "ipv6_ra_mode": "",
            "name": "",
            "network_id": "4579fae5-53c0-4c18-b98c-d6ee97d24906",
            "no_gateway": false,
            "prefix_length": null,
            "region": "RegionOne",
            "subnetpool_id": "",
            "tags": [],
            "tenant_id": "4f479196dd7e43dab5080d9cbf9f0112",
            "timeouts": null,
            "value_specs": null
          },
          "sensitive_attributes": [],
          "private": "eyJlMmJmYjczMC1lY2FhLTExZTYtOGY4OC0zNDM2M2JjN2M0YzAiOnsiY3JlYXRlIjo2MDAwMDAwMDAwMDAsImRlbGV0ZSI6NjAwMDAwMDAwMDAwfX0=",
          "dependencies": [
            "openstack_networking_network_v2.network02"
          ]
        }
      ]
    }
  ]
}
