{
  "version": 4,
  "terraform_version": "0.15.3",
  "serial": 2790,
  "lineage": "2560dc1b-642c-54e3-b1b9-19053532f235",
  "outputs": {},
  "resources": [
    {
      "mode": "managed",
      "type": "null_resource",
      "name": "provision",
      "provider": "provider[\"registry.terraform.io/hashicorp/null\"]",
      "instances": [
        {
          "schema_version": 0,
          "attributes": {
            "id": "5337109005073055430",
            "triggers": null
          },
          "sensitive_attributes": [],
          "private": "bnVsbA==",
          "dependencies": [
            "openstack_compute_floatingip_associate_v2.ipfHost",
            "openstack_compute_instance_v2.firewall",
            "openstack_networking_floatingip_v2.ipfHost"
          ]
        }
      ]
    },
    {
      "mode": "managed",
      "type": "openstack_blockstorage_volume_v3",
      "name": "debian_A_volume",
      "provider": "provider[\"registry.terraform.io/terraform-provider-openstack/openstack\"]",
      "instances": [
        {
          "schema_version": 0,
          "attributes": {
            "attachment": [
              {
                "device": "/dev/vda",
                "id": "54117142-61ee-4a92-99e2-275a455324f8",
                "instance_id": "c0134652-ca6e-4de5-8439-fbf46bd72c4a"
              }
            ],
            "availability_zone": "nova",
            "consistency_group_id": null,
            "description": "",
            "enable_online_resize": null,
            "id": "54117142-61ee-4a92-99e2-275a455324f8",
            "image_id": "8f978fca-8c5d-42fb-8f7e-9e91d9cffcec",
            "metadata": {},
            "multiattach": null,
            "name": "debian_A_volume",
            "region": "RegionOne",
            "scheduler_hints": [],
            "size": 25,
            "snapshot_id": "",
            "source_replica": null,
            "source_vol_id": "",
            "timeouts": null,
            "volume_type": "__DEFAULT__"
          },
          "sensitive_attributes": [],
          "private": "eyJlMmJmYjczMC1lY2FhLTExZTYtOGY4OC0zNDM2M2JjN2M0YzAiOnsiY3JlYXRlIjo2MDAwMDAwMDAwMDAsImRlbGV0ZSI6NjAwMDAwMDAwMDAwfX0=",
          "dependencies": [
            "openstack_images_image_v2.Debian"
          ]
        }
      ]
    },
    {
      "mode": "managed",
      "type": "openstack_blockstorage_volume_v3",
      "name": "debian_B_volume",
      "provider": "provider[\"registry.terraform.io/terraform-provider-openstack/openstack\"]",
      "instances": [
        {
          "schema_version": 0,
          "attributes": {
            "attachment": [
              {
                "device": "/dev/vda",
                "id": "e7dc0e73-cd90-4d55-89ba-5dd26212d3fb",
                "instance_id": "08bd7807-5d81-4402-b9c7-7438e556e4e9"
              }
            ],
            "availability_zone": "nova",
            "consistency_group_id": null,
            "description": "",
            "enable_online_resize": true,
            "id": "e7dc0e73-cd90-4d55-89ba-5dd26212d3fb",
            "image_id": "8f978fca-8c5d-42fb-8f7e-9e91d9cffcec",
            "metadata": {},
            "multiattach": null,
            "name": "debian_B_volume",
            "region": "RegionOne",
            "scheduler_hints": [],
            "size": 25,
            "snapshot_id": "",
            "source_replica": null,
            "source_vol_id": "",
            "timeouts": null,
            "volume_type": "__DEFAULT__"
          },
          "sensitive_attributes": [],
          "private": "eyJlMmJmYjczMC1lY2FhLTExZTYtOGY4OC0zNDM2M2JjN2M0YzAiOnsiY3JlYXRlIjo2MDAwMDAwMDAwMDAsImRlbGV0ZSI6NjAwMDAwMDAwMDAwfX0=",
          "dependencies": [
            "openstack_images_image_v2.Debian"
          ]
        }
      ]
    },
    {
      "mode": "managed",
      "type": "openstack_blockstorage_volume_v3",
      "name": "firewall_volume",
      "provider": "provider[\"registry.terraform.io/terraform-provider-openstack/openstack\"]",
      "instances": [
        {
          "schema_version": 0,
          "attributes": {
            "attachment": [
              {
                "device": "/dev/vda",
                "id": "c94ea1af-9fad-4df4-b4eb-571e21bf1fc4",
                "instance_id": "27e8a416-20f7-49e5-a838-328afa2cdbe6"
              }
            ],
            "availability_zone": "nova",
            "consistency_group_id": null,
            "description": "",
            "enable_online_resize": true,
            "id": "c94ea1af-9fad-4df4-b4eb-571e21bf1fc4",
            "image_id": "8f978fca-8c5d-42fb-8f7e-9e91d9cffcec",
            "metadata": {},
            "multiattach": null,
            "name": "firewall_volume",
            "region": "RegionOne",
            "scheduler_hints": [],
            "size": 20,
            "snapshot_id": "",
            "source_replica": null,
            "source_vol_id": "",
            "timeouts": null,
            "volume_type": "__DEFAULT__"
          },
          "sensitive_attributes": [],
          "private": "eyJlMmJmYjczMC1lY2FhLTExZTYtOGY4OC0zNDM2M2JjN2M0YzAiOnsiY3JlYXRlIjo2MDAwMDAwMDAwMDAsImRlbGV0ZSI6NjAwMDAwMDAwMDAwfX0=",
          "dependencies": [
            "openstack_images_image_v2.Debian"
          ]
        }
      ]
    },
    {
      "mode": "managed",
      "type": "openstack_blockstorage_volume_v3",
      "name": "ubuntu_A_volume",
      "provider": "provider[\"registry.terraform.io/terraform-provider-openstack/openstack\"]",
      "instances": [
        {
          "schema_version": 0,
          "attributes": {
            "attachment": [
              {
                "device": "/dev/vda",
                "id": "85398d2e-1204-4b61-8112-8731191bf183",
                "instance_id": "210e424d-58f6-4155-aed6-cf1e17287384"
              }
            ],
            "availability_zone": "nova",
            "consistency_group_id": null,
            "description": "",
            "enable_online_resize": true,
            "id": "85398d2e-1204-4b61-8112-8731191bf183",
            "image_id": "9567727b-7fea-47e9-8b58-e6580539efbe",
            "metadata": {},
            "multiattach": null,
            "name": "ubuntu_A_volume",
            "region": "RegionOne",
            "scheduler_hints": [],
            "size": 25,
            "snapshot_id": "",
            "source_replica": null,
            "source_vol_id": "",
            "timeouts": null,
            "volume_type": "__DEFAULT__"
          },
          "sensitive_attributes": [],
          "private": "eyJlMmJmYjczMC1lY2FhLTExZTYtOGY4OC0zNDM2M2JjN2M0YzAiOnsiY3JlYXRlIjo2MDAwMDAwMDAwMDAsImRlbGV0ZSI6NjAwMDAwMDAwMDAwfX0=",
          "dependencies": [
            "openstack_images_image_v2.Ubuntu"
          ]
        }
      ]
    },
    {
      "mode": "managed",
      "type": "openstack_blockstorage_volume_v3",
      "name": "ubuntu_B_volume",
      "provider": "provider[\"registry.terraform.io/terraform-provider-openstack/openstack\"]",
      "instances": [
        {
          "schema_version": 0,
          "attributes": {
            "attachment": [
              {
                "device": "/dev/vda",
                "id": "9f411a75-5a10-43b1-a16f-400d78fad383",
                "instance_id": "478e5894-e09e-4c93-8a8d-fb5001047d4b"
              }
            ],
            "availability_zone": "nova",
            "consistency_group_id": null,
            "description": "",
            "enable_online_resize": true,
            "id": "9f411a75-5a10-43b1-a16f-400d78fad383",
            "image_id": "9567727b-7fea-47e9-8b58-e6580539efbe",
            "metadata": {},
            "multiattach": null,
            "name": "ubuntu_B_volume",
            "region": "RegionOne",
            "scheduler_hints": [],
            "size": 25,
            "snapshot_id": "",
            "source_replica": null,
            "source_vol_id": "",
            "timeouts": null,
            "volume_type": "__DEFAULT__"
          },
          "sensitive_attributes": [],
          "private": "eyJlMmJmYjczMC1lY2FhLTExZTYtOGY4OC0zNDM2M2JjN2M0YzAiOnsiY3JlYXRlIjo2MDAwMDAwMDAwMDAsImRlbGV0ZSI6NjAwMDAwMDAwMDAwfX0=",
          "dependencies": [
            "openstack_images_image_v2.Ubuntu"
          ]
        }
      ]
    },
    {
      "mode": "managed",
      "type": "openstack_compute_flavor_v2",
      "name": "debian_flavor",
      "provider": "provider[\"registry.terraform.io/terraform-provider-openstack/openstack\"]",
      "instances": [
        {
          "schema_version": 0,
          "attributes": {
            "disk": 25,
            "ephemeral": 0,
            "extra_specs": {},
            "flavor_id": "205f31bd-1b0b-441c-984f-ff5f0ba65b53",
            "id": "205f31bd-1b0b-441c-984f-ff5f0ba65b53",
            "is_public": true,
            "name": "debian_flavor",
            "ram": 2024,
            "region": "",
            "rx_tx_factor": 1,
            "swap": 0,
            "vcpus": 2
          },
          "sensitive_attributes": [],
          "private": "bnVsbA=="
        }
      ]
    },
    {
      "mode": "managed",
      "type": "openstack_compute_flavor_v2",
      "name": "ubuntu_flavor",
      "provider": "provider[\"registry.terraform.io/terraform-provider-openstack/openstack\"]",
      "instances": [
        {
          "schema_version": 0,
          "attributes": {
            "disk": 25,
            "ephemeral": 0,
            "extra_specs": {},
            "flavor_id": "f14bd64b-e850-4b07-b6e3-d692a9f8038d",
            "id": "f14bd64b-e850-4b07-b6e3-d692a9f8038d",
            "is_public": true,
            "name": "ubuntu_flavor",
            "ram": 2024,
            "region": "",
            "rx_tx_factor": 1,
            "swap": 0,
            "vcpus": 2
          },
          "sensitive_attributes": [],
          "private": "bnVsbA=="
        }
      ]
    },
    {
      "mode": "managed",
      "type": "openstack_compute_floatingip_associate_v2",
      "name": "ipfHost",
      "provider": "provider[\"registry.terraform.io/terraform-provider-openstack/openstack\"]",
      "instances": [
        {
          "schema_version": 0,
          "attributes": {
            "fixed_ip": "",
            "floating_ip": "172.29.249.148",
            "id": "172.29.249.148/27e8a416-20f7-49e5-a838-328afa2cdbe6/",
            "instance_id": "27e8a416-20f7-49e5-a838-328afa2cdbe6",
            "region": "",
            "timeouts": null,
            "wait_until_associated": null
          },
          "sensitive_attributes": [],
          "private": "eyJlMmJmYjczMC1lY2FhLTExZTYtOGY4OC0zNDM2M2JjN2M0YzAiOnsiY3JlYXRlIjo2MDAwMDAwMDAwMDB9fQ==",
          "dependencies": [
            "openstack_networking_network_v2.control_network",
            "openstack_networking_port_v2.port_network01_Firewall",
            "openstack_compute_instance_v2.firewall",
            "openstack_compute_keypair_v2.keypair",
            "openstack_networking_floatingip_v2.ipfHost",
            "openstack_networking_network_v2.network01",
            "openstack_networking_subnet_v2.subnet_control_network",
            "openstack_blockstorage_volume_v3.firewall_volume",
            "openstack_compute_flavor_v2.debian_flavor",
            "openstack_networking_network_v2.network02",
            "openstack_networking_port_v2.port_control_network_Firewall",
            "openstack_networking_port_v2.port_network02_Firewall",
            "openstack_networking_subnet_v2.subnet_network02",
            "openstack_images_image_v2.Debian",
            "openstack_networking_subnet_v2.subnet_network01"
          ]
        }
      ]
    },
    {
      "mode": "managed",
      "type": "openstack_compute_instance_v2",
      "name": "DebianA",
      "provider": "provider[\"registry.terraform.io/terraform-provider-openstack/openstack\"]",
      "instances": [
        {
          "schema_version": 0,
          "attributes": {
            "access_ip_v4": "10.20.30.3",
            "access_ip_v6": "",
            "admin_pass": null,
            "all_metadata": {},
            "all_tags": [],
            "availability_zone": "nova",
            "availability_zone_hints": null,
            "block_device": [
              {
                "boot_index": 0,
                "delete_on_termination": true,
                "destination_type": "volume",
                "device_type": "",
                "disk_bus": "",
                "guest_format": "",
                "source_type": "volume",
                "uuid": "54117142-61ee-4a92-99e2-275a455324f8",
                "volume_size": 0,
                "volume_type": ""
              }
            ],
            "config_drive": null,
            "flavor_id": "205f31bd-1b0b-441c-984f-ff5f0ba65b53",
            "flavor_name": "debian_flavor",
            "floating_ip": null,
            "force_delete": false,
            "id": "c0134652-ca6e-4de5-8439-fbf46bd72c4a",
            "image_id": "Attempt to boot from volume - no image supplied",
            "image_name": null,
            "key_pair": "keypair",
            "metadata": null,
            "name": "DebianA",
            "network": [
              {
                "access_network": false,
                "fixed_ip_v4": "10.20.30.3",
                "fixed_ip_v6": "",
                "floating_ip": "",
                "mac": "fa:16:3e:bd:b0:e2",
                "name": "network01",
                "port": "102c4ff0-a34a-4ffb-b521-6ab1484ec6bb",
                "uuid": "49180b1e-3583-407f-8092-243b6ce39cb2"
              }
            ],
            "network_mode": null,
            "personality": [],
            "power_state": "active",
            "region": "",
            "scheduler_hints": [],
            "security_groups": [],
            "stop_before_destroy": false,
            "tags": [],
            "timeouts": null,
            "user_data": null,
            "vendor_options": [],
            "volume": []
          },
          "sensitive_attributes": [],
          "private": "eyJlMmJmYjczMC1lY2FhLTExZTYtOGY4OC0zNDM2M2JjN2M0YzAiOnsiY3JlYXRlIjoxODAwMDAwMDAwMDAwLCJkZWxldGUiOjE4MDAwMDAwMDAwMDAsInVwZGF0ZSI6MTgwMDAwMDAwMDAwMH19",
          "dependencies": [
            "openstack_blockstorage_volume_v3.debian_A_volume",
            "openstack_compute_flavor_v2.debian_flavor",
            "openstack_compute_keypair_v2.keypair",
            "openstack_images_image_v2.Debian",
            "openstack_networking_network_v2.network01",
            "openstack_networking_port_v2.port_network01_DebianA",
            "openstack_networking_subnet_v2.subnet_network01"
          ]
        }
      ]
    },
    {
      "mode": "managed",
      "type": "openstack_compute_instance_v2",
      "name": "DebianB",
      "provider": "provider[\"registry.terraform.io/terraform-provider-openstack/openstack\"]",
      "instances": [
        {
          "schema_version": 0,
          "attributes": {
            "access_ip_v4": "10.20.30.4",
            "access_ip_v6": "",
            "admin_pass": null,
            "all_metadata": {},
            "all_tags": [],
            "availability_zone": "nova",
            "availability_zone_hints": null,
            "block_device": [
              {
                "boot_index": 0,
                "delete_on_termination": true,
                "destination_type": "volume",
                "device_type": "",
                "disk_bus": "",
                "guest_format": "",
                "source_type": "volume",
                "uuid": "e7dc0e73-cd90-4d55-89ba-5dd26212d3fb",
                "volume_size": 0,
                "volume_type": ""
              }
            ],
            "config_drive": null,
            "flavor_id": "205f31bd-1b0b-441c-984f-ff5f0ba65b53",
            "flavor_name": "debian_flavor",
            "floating_ip": null,
            "force_delete": false,
            "id": "08bd7807-5d81-4402-b9c7-7438e556e4e9",
            "image_id": "Attempt to boot from volume - no image supplied",
            "image_name": null,
            "key_pair": "keypair",
            "metadata": null,
            "name": "DebianB",
            "network": [
              {
                "access_network": false,
                "fixed_ip_v4": "10.20.30.4",
                "fixed_ip_v6": "",
                "floating_ip": "",
                "mac": "fa:16:3e:ad:82:03",
                "name": "network01",
                "port": "24a15980-0200-4373-8a8b-f840c2b896c7",
                "uuid": "49180b1e-3583-407f-8092-243b6ce39cb2"
              }
            ],
            "network_mode": null,
            "personality": [],
            "power_state": "active",
            "region": "",
            "scheduler_hints": [],
            "security_groups": [],
            "stop_before_destroy": false,
            "tags": [],
            "timeouts": null,
            "user_data": null,
            "vendor_options": [],
            "volume": []
          },
          "sensitive_attributes": [],
          "private": "eyJlMmJmYjczMC1lY2FhLTExZTYtOGY4OC0zNDM2M2JjN2M0YzAiOnsiY3JlYXRlIjoxODAwMDAwMDAwMDAwLCJkZWxldGUiOjE4MDAwMDAwMDAwMDAsInVwZGF0ZSI6MTgwMDAwMDAwMDAwMH19",
          "dependencies": [
            "openstack_networking_network_v2.network01",
            "openstack_networking_port_v2.port_network01_DebianB",
            "openstack_networking_subnet_v2.subnet_network01",
            "openstack_blockstorage_volume_v3.debian_B_volume",
            "openstack_compute_flavor_v2.debian_flavor",
            "openstack_compute_keypair_v2.keypair",
            "openstack_images_image_v2.Debian"
          ]
        }
      ]
    },
    {
      "mode": "managed",
      "type": "openstack_compute_instance_v2",
      "name": "UbuntuA",
      "provider": "provider[\"registry.terraform.io/terraform-provider-openstack/openstack\"]",
      "instances": [
        {
          "schema_version": 0,
          "attributes": {
            "access_ip_v4": "172.157.155.3",
            "access_ip_v6": "",
            "admin_pass": null,
            "all_metadata": {},
            "all_tags": [],
            "availability_zone": "nova",
            "availability_zone_hints": null,
            "block_device": [
              {
                "boot_index": 0,
                "delete_on_termination": true,
                "destination_type": "volume",
                "device_type": "",
                "disk_bus": "",
                "guest_format": "",
                "source_type": "volume",
                "uuid": "85398d2e-1204-4b61-8112-8731191bf183",
                "volume_size": 0,
                "volume_type": ""
              }
            ],
            "config_drive": null,
            "flavor_id": "f14bd64b-e850-4b07-b6e3-d692a9f8038d",
            "flavor_name": "ubuntu_flavor",
            "floating_ip": null,
            "force_delete": false,
            "id": "210e424d-58f6-4155-aed6-cf1e17287384",
            "image_id": "Attempt to boot from volume - no image supplied",
            "image_name": null,
            "key_pair": "keypair",
            "metadata": null,
            "name": "UbuntuA",
            "network": [
              {
                "access_network": false,
                "fixed_ip_v4": "172.157.155.3",
                "fixed_ip_v6": "",
                "floating_ip": "",
                "mac": "fa:16:3e:ad:ae:5d",
                "name": "network02",
                "port": "f878cc04-d8b7-4452-b3f6-3bf3740fe0da",
                "uuid": "2ec2a1c9-673b-4c60-88f8-21bb5c6c3bc5"
              }
            ],
            "network_mode": null,
            "personality": [],
            "power_state": "active",
            "region": "",
            "scheduler_hints": [],
            "security_groups": [],
            "stop_before_destroy": false,
            "tags": [],
            "timeouts": null,
            "user_data": null,
            "vendor_options": [],
            "volume": []
          },
          "sensitive_attributes": [],
          "private": "eyJlMmJmYjczMC1lY2FhLTExZTYtOGY4OC0zNDM2M2JjN2M0YzAiOnsiY3JlYXRlIjoxODAwMDAwMDAwMDAwLCJkZWxldGUiOjE4MDAwMDAwMDAwMDAsInVwZGF0ZSI6MTgwMDAwMDAwMDAwMH19",
          "dependencies": [
            "openstack_networking_subnet_v2.subnet_network02",
            "openstack_blockstorage_volume_v3.ubuntu_A_volume",
            "openstack_compute_flavor_v2.ubuntu_flavor",
            "openstack_compute_keypair_v2.keypair",
            "openstack_images_image_v2.Ubuntu",
            "openstack_networking_network_v2.network02",
            "openstack_networking_port_v2.port_network02_UbuntuA"
          ]
        }
      ]
    },
    {
      "mode": "managed",
      "type": "openstack_compute_instance_v2",
      "name": "UbuntuB",
      "provider": "provider[\"registry.terraform.io/terraform-provider-openstack/openstack\"]",
      "instances": [
        {
          "schema_version": 0,
          "attributes": {
            "access_ip_v4": "172.157.155.4",
            "access_ip_v6": "",
            "admin_pass": null,
            "all_metadata": {},
            "all_tags": [],
            "availability_zone": "nova",
            "availability_zone_hints": null,
            "block_device": [
              {
                "boot_index": 0,
                "delete_on_termination": true,
                "destination_type": "volume",
                "device_type": "",
                "disk_bus": "",
                "guest_format": "",
                "source_type": "volume",
                "uuid": "9f411a75-5a10-43b1-a16f-400d78fad383",
                "volume_size": 0,
                "volume_type": ""
              }
            ],
            "config_drive": null,
            "flavor_id": "f14bd64b-e850-4b07-b6e3-d692a9f8038d",
            "flavor_name": "ubuntu_flavor",
            "floating_ip": null,
            "force_delete": false,
            "id": "478e5894-e09e-4c93-8a8d-fb5001047d4b",
            "image_id": "Attempt to boot from volume - no image supplied",
            "image_name": null,
            "key_pair": "keypair",
            "metadata": null,
            "name": "UbuntuB",
            "network": [
              {
                "access_network": false,
                "fixed_ip_v4": "172.157.155.4",
                "fixed_ip_v6": "",
                "floating_ip": "",
                "mac": "fa:16:3e:de:b8:13",
                "name": "network02",
                "port": "1e2d4389-cc5c-451c-be14-93661f246a1d",
                "uuid": "2ec2a1c9-673b-4c60-88f8-21bb5c6c3bc5"
              }
            ],
            "network_mode": null,
            "personality": [],
            "power_state": "active",
            "region": "",
            "scheduler_hints": [],
            "security_groups": [],
            "stop_before_destroy": false,
            "tags": [],
            "timeouts": null,
            "user_data": null,
            "vendor_options": [],
            "volume": []
          },
          "sensitive_attributes": [],
          "private": "eyJlMmJmYjczMC1lY2FhLTExZTYtOGY4OC0zNDM2M2JjN2M0YzAiOnsiY3JlYXRlIjoxODAwMDAwMDAwMDAwLCJkZWxldGUiOjE4MDAwMDAwMDAwMDAsInVwZGF0ZSI6MTgwMDAwMDAwMDAwMH19",
          "dependencies": [
            "openstack_networking_subnet_v2.subnet_network02",
            "openstack_blockstorage_volume_v3.ubuntu_B_volume",
            "openstack_compute_flavor_v2.ubuntu_flavor",
            "openstack_compute_keypair_v2.keypair",
            "openstack_images_image_v2.Ubuntu",
            "openstack_networking_network_v2.network02",
            "openstack_networking_port_v2.port_network02_UbuntuB"
          ]
        }
      ]
    },
    {
      "mode": "managed",
      "type": "openstack_compute_instance_v2",
      "name": "firewall",
      "provider": "provider[\"registry.terraform.io/terraform-provider-openstack/openstack\"]",
      "instances": [
        {
          "schema_version": 0,
          "attributes": {
            "access_ip_v4": "192.168.200.5",
            "access_ip_v6": "",
            "admin_pass": null,
            "all_metadata": {},
            "all_tags": [],
            "availability_zone": "nova",
            "availability_zone_hints": null,
            "block_device": [
              {
                "boot_index": 0,
                "delete_on_termination": true,
                "destination_type": "volume",
                "device_type": "",
                "disk_bus": "",
                "guest_format": "",
                "source_type": "volume",
                "uuid": "c94ea1af-9fad-4df4-b4eb-571e21bf1fc4",
                "volume_size": 0,
                "volume_type": ""
              }
            ],
            "config_drive": null,
            "flavor_id": "205f31bd-1b0b-441c-984f-ff5f0ba65b53",
            "flavor_name": "debian_flavor",
            "floating_ip": null,
            "force_delete": false,
            "id": "27e8a416-20f7-49e5-a838-328afa2cdbe6",
            "image_id": "Attempt to boot from volume - no image supplied",
            "image_name": null,
            "key_pair": "keypair",
            "metadata": null,
            "name": "firewall",
            "network": [
              {
                "access_network": false,
                "fixed_ip_v4": "192.168.200.5",
                "fixed_ip_v6": "",
                "floating_ip": "",
                "mac": "fa:16:3e:da:eb:b9",
                "name": "control_network",
                "port": "358a7ecd-ace7-48c7-ba4d-94a9180e624c",
                "uuid": "cc33af76-1c75-4505-acec-108a7f0693de"
              },
              {
                "access_network": false,
                "fixed_ip_v4": "10.20.30.5",
                "fixed_ip_v6": "",
                "floating_ip": "",
                "mac": "fa:16:3e:1b:74:e0",
                "name": "network01",
                "port": "131ebf3d-741e-499b-850a-75241fc66e09",
                "uuid": "49180b1e-3583-407f-8092-243b6ce39cb2"
              },
              {
                "access_network": false,
                "fixed_ip_v4": "172.157.155.5",
                "fixed_ip_v6": "",
                "floating_ip": "",
                "mac": "fa:16:3e:d6:ec:ff",
                "name": "network02",
                "port": "25ee1e37-2a3f-4c62-a180-8c47fedfde25",
                "uuid": "2ec2a1c9-673b-4c60-88f8-21bb5c6c3bc5"
              }
            ],
            "network_mode": null,
            "personality": [],
            "power_state": "active",
            "region": "",
            "scheduler_hints": [],
            "security_groups": [],
            "stop_before_destroy": false,
            "tags": [],
            "timeouts": null,
            "user_data": null,
            "vendor_options": [],
            "volume": []
          },
          "sensitive_attributes": [],
          "private": "eyJlMmJmYjczMC1lY2FhLTExZTYtOGY4OC0zNDM2M2JjN2M0YzAiOnsiY3JlYXRlIjoxODAwMDAwMDAwMDAwLCJkZWxldGUiOjE4MDAwMDAwMDAwMDAsInVwZGF0ZSI6MTgwMDAwMDAwMDAwMH19",
          "dependencies": [
            "openstack_networking_subnet_v2.subnet_control_network",
            "openstack_networking_subnet_v2.subnet_network01",
            "openstack_networking_subnet_v2.subnet_network02",
            "openstack_compute_flavor_v2.debian_flavor",
            "openstack_compute_keypair_v2.keypair",
            "openstack_images_image_v2.Debian",
            "openstack_networking_network_v2.control_network",
            "openstack_networking_port_v2.port_network02_Firewall",
            "openstack_blockstorage_volume_v3.firewall_volume",
            "openstack_networking_network_v2.network01",
            "openstack_networking_network_v2.network02",
            "openstack_networking_port_v2.port_control_network_Firewall",
            "openstack_networking_port_v2.port_network01_Firewall"
          ]
        }
      ]
    },
    {
      "mode": "managed",
      "type": "openstack_compute_keypair_v2",
      "name": "keypair",
      "provider": "provider[\"registry.terraform.io/terraform-provider-openstack/openstack\"]",
      "instances": [
        {
          "schema_version": 0,
          "attributes": {
            "fingerprint": "15:08:3f:be:8d:c3:15:ff:70:fd:d9:d0:ae:56:2a:54",
            "id": "keypair",
            "name": "keypair",
            "private_key": "",
            "public_key": "ssh-rsa AAAAB3NzaC1yc2EAAAADAQABAAABAQDnfASYKOdgKXiXKHf2jykODPc99knXfOxnkwBP+eDCXXxIl3tGpNjY3X8nJ2qQEoddYEDm/xSPmnBUgRIuQX8G4Kgu2x0N88DsP6LPwr8kU6oI8FRn2MWeE6rVrIIvMRkgVPjk8eWwnfGquvEhwOogVs/3NLCnAKyRhM9DJcYFSHbJy7oURje89mAsjvJf8gaSUFtKwUzZv4/0Qyr10s/ykr6P+9LBucIOAscPM6qHw4VLbzXHyuwGhMjySu9CzDIPJoOtwkLqqZZ0RZGlv+jCkV9XoW1VYhz3305winMrE0vtja4y1CzKdp6xmOU6jNWn/ZeSkj9zatoNwsuIJkBP Generated-by-Nova",
            "region": "",
            "value_specs": null
          },
          "sensitive_attributes": [],
          "private": "bnVsbA=="
        }
      ]
    },
    {
      "mode": "managed",
      "type": "openstack_compute_secgroup_v2",
      "name": "icmp",
      "provider": "provider[\"registry.terraform.io/terraform-provider-openstack/openstack\"]",
      "instances": [
        {
          "schema_version": 0,
          "attributes": {
            "description": "Open ping ICMP",
            "id": "c8005bb6-9733-494d-bf8b-11c0eefd71c6",
            "name": "icmp",
            "region": "",
            "rule": [
              {
                "cidr": "0.0.0.0/0",
                "from_group_id": "",
                "from_port": -1,
                "id": "e8cb5399-3428-449c-bba0-9ac21f8ac8d2",
                "ip_protocol": "icmp",
                "self": false,
                "to_port": -1
              }
            ],
            "timeouts": null
          },
          "sensitive_attributes": [],
          "private": "eyJlMmJmYjczMC1lY2FhLTExZTYtOGY4OC0zNDM2M2JjN2M0YzAiOnsiZGVsZXRlIjo2MDAwMDAwMDAwMDB9fQ=="
        }
      ]
    },
    {
      "mode": "managed",
      "type": "openstack_compute_secgroup_v2",
      "name": "ssh",
      "provider": "provider[\"registry.terraform.io/terraform-provider-openstack/openstack\"]",
      "instances": [
        {
          "schema_version": 0,
          "attributes": {
            "description": "Open input ssh port",
            "id": "32348f23-4632-4a41-b781-67ccb9d4f5d8",
            "name": "ssh",
            "region": "",
            "rule": [
              {
                "cidr": "0.0.0.0/0",
                "from_group_id": "",
                "from_port": 22,
                "id": "7019f9d3-f10f-4cf2-bd12-d28c80ba1eec",
                "ip_protocol": "tcp",
                "self": false,
                "to_port": 22
              }
            ],
            "timeouts": null
          },
          "sensitive_attributes": [],
          "private": "eyJlMmJmYjczMC1lY2FhLTExZTYtOGY4OC0zNDM2M2JjN2M0YzAiOnsiZGVsZXRlIjo2MDAwMDAwMDAwMDB9fQ=="
        }
      ]
    },
    {
      "mode": "managed",
      "type": "openstack_images_image_v2",
      "name": "Debian",
      "provider": "provider[\"registry.terraform.io/terraform-provider-openstack/openstack\"]",
      "instances": [
        {
          "schema_version": 0,
          "attributes": {
            "checksum": "454d0eb8d333ca007bd48d9659c09612",
            "container_format": "bare",
            "created_at": "2021-05-11T18:56:52Z",
            "disk_format": "qcow2",
            "file": "/v2/images/8f978fca-8c5d-42fb-8f7e-9e91d9cffcec/file",
            "id": "8f978fca-8c5d-42fb-8f7e-9e91d9cffcec",
            "image_cache_path": "/home/rmba/.terraform/image_cache",
            "image_id": "8f978fca-8c5d-42fb-8f7e-9e91d9cffcec",
            "image_source_url": null,
            "local_file_path": "images/debian-9.13.0-amd64-netinst.iso.qcow2",
            "metadata": {},
            "min_disk_gb": 0,
            "min_ram_mb": 0,
            "name": "Debian.qcow2",
            "owner": "cbb824104f354881846dc4107d2747f1",
            "properties": {
              "os_hash_algo": "sha512",
              "os_hash_value": "ab95a123fc092aeb30a1006ffcfed1fce11c9be83f3f32b324485313b0372f1ddf5fc9b097c3f0f2f8a20965b325032fff186ecaf6db4bb02e490a6ce4469567",
              "stores": "file"
            },
            "protected": false,
            "region": "",
            "schema": "/v2/schemas/image",
            "size_bytes": 1601044480,
            "status": "active",
            "tags": [],
            "timeouts": null,
            "update_at": "2021-05-11T18:57:04Z",
            "updated_at": "2021-05-11T18:57:04Z",
            "verify_checksum": null,
            "visibility": "public",
            "web_download": null
          },
          "sensitive_attributes": [],
          "private": "eyJlMmJmYjczMC1lY2FhLTExZTYtOGY4OC0zNDM2M2JjN2M0YzAiOnsiY3JlYXRlIjoxODAwMDAwMDAwMDAwfX0="
        }
      ]
    },
    {
      "mode": "managed",
      "type": "openstack_images_image_v2",
      "name": "Ubuntu",
      "provider": "provider[\"registry.terraform.io/terraform-provider-openstack/openstack\"]",
      "instances": [
        {
          "schema_version": 0,
          "attributes": {
            "checksum": "01930a295cdf6fea4c8b169be8a63c86",
            "container_format": "bare",
            "created_at": "2021-05-11T18:57:25Z",
            "disk_format": "qcow2",
            "file": "/v2/images/9567727b-7fea-47e9-8b58-e6580539efbe/file",
            "id": "9567727b-7fea-47e9-8b58-e6580539efbe",
            "image_cache_path": "/home/rmba/.terraform/image_cache",
            "image_id": "9567727b-7fea-47e9-8b58-e6580539efbe",
            "image_source_url": null,
            "local_file_path": "images/ubuntu-16.04.7-server-amd64.iso.qcow2",
            "metadata": {},
            "min_disk_gb": 0,
            "min_ram_mb": 0,
            "name": "Ubuntu.qcow2",
            "owner": "cbb824104f354881846dc4107d2747f1",
            "properties": {
              "os_hash_algo": "sha512",
              "os_hash_value": "621596b9da68c85686cade0a77c38528b56b3d57b623243e67307c8b8ace4a4ed370360b4724324032c1228519e56374be65fbbdddca8b3ff8f332c6d6c8ce75",
              "stores": "file"
            },
            "protected": false,
            "region": "",
            "schema": "/v2/schemas/image",
            "size_bytes": 2123563008,
            "status": "active",
            "tags": [],
            "timeouts": null,
            "update_at": "2021-05-11T18:57:40Z",
            "updated_at": "2021-05-11T18:57:40Z",
            "verify_checksum": null,
            "visibility": "public",
            "web_download": null
          },
          "sensitive_attributes": [],
          "private": "eyJlMmJmYjczMC1lY2FhLTExZTYtOGY4OC0zNDM2M2JjN2M0YzAiOnsiY3JlYXRlIjoxODAwMDAwMDAwMDAwfX0="
        }
      ]
    },
    {
      "mode": "managed",
      "type": "openstack_networking_floatingip_v2",
      "name": "ipfHost",
      "provider": "provider[\"registry.terraform.io/terraform-provider-openstack/openstack\"]",
      "instances": [
        {
          "schema_version": 0,
          "attributes": {
            "address": "172.29.249.148",
            "all_tags": [],
            "description": "",
            "dns_domain": "",
            "dns_name": "",
            "fixed_ip": "192.168.200.5",
            "id": "6e34e8f9-f848-4f61-a915-c3c0fc74aba3",
            "pool": "public",
            "port_id": "358a7ecd-ace7-48c7-ba4d-94a9180e624c",
            "region": "",
            "subnet_id": null,
            "tags": [],
            "tenant_id": "cbb824104f354881846dc4107d2747f1",
            "timeouts": null,
            "value_specs": null
          },
          "sensitive_attributes": [],
          "private": "eyJlMmJmYjczMC1lY2FhLTExZTYtOGY4OC0zNDM2M2JjN2M0YzAiOnsiY3JlYXRlIjo2MDAwMDAwMDAwMDAsImRlbGV0ZSI6NjAwMDAwMDAwMDAwfX0="
        }
      ]
    },
    {
      "mode": "managed",
      "type": "openstack_networking_network_v2",
      "name": "control_network",
      "provider": "provider[\"registry.terraform.io/terraform-provider-openstack/openstack\"]",
      "instances": [
        {
          "schema_version": 0,
          "attributes": {
            "admin_state_up": true,
            "all_tags": [],
            "availability_zone_hints": [],
            "description": "",
            "dns_domain": "",
            "external": false,
            "id": "cc33af76-1c75-4505-acec-108a7f0693de",
            "mtu": 1450,
            "name": "control_network",
            "port_security_enabled": false,
            "qos_policy_id": "",
            "region": "",
            "segments": [],
            "shared": true,
            "tags": [],
            "tenant_id": "cbb824104f354881846dc4107d2747f1",
            "timeouts": null,
            "transparent_vlan": false,
            "value_specs": null
          },
          "sensitive_attributes": [],
          "private": "eyJlMmJmYjczMC1lY2FhLTExZTYtOGY4OC0zNDM2M2JjN2M0YzAiOnsiY3JlYXRlIjo2MDAwMDAwMDAwMDAsImRlbGV0ZSI6NjAwMDAwMDAwMDAwfX0="
        }
      ]
    },
    {
      "mode": "managed",
      "type": "openstack_networking_network_v2",
      "name": "network01",
      "provider": "provider[\"registry.terraform.io/terraform-provider-openstack/openstack\"]",
      "instances": [
        {
          "schema_version": 0,
          "attributes": {
            "admin_state_up": true,
            "all_tags": [],
            "availability_zone_hints": [],
            "description": "",
            "dns_domain": "",
            "external": false,
            "id": "49180b1e-3583-407f-8092-243b6ce39cb2",
            "mtu": 1450,
            "name": "network01",
            "port_security_enabled": false,
            "qos_policy_id": "",
            "region": "",
            "segments": [],
            "shared": true,
            "tags": [],
            "tenant_id": "cbb824104f354881846dc4107d2747f1",
            "timeouts": null,
            "transparent_vlan": false,
            "value_specs": null
          },
          "sensitive_attributes": [],
          "private": "eyJlMmJmYjczMC1lY2FhLTExZTYtOGY4OC0zNDM2M2JjN2M0YzAiOnsiY3JlYXRlIjo2MDAwMDAwMDAwMDAsImRlbGV0ZSI6NjAwMDAwMDAwMDAwfX0="
        }
      ]
    },
    {
      "mode": "managed",
      "type": "openstack_networking_network_v2",
      "name": "network02",
      "provider": "provider[\"registry.terraform.io/terraform-provider-openstack/openstack\"]",
      "instances": [
        {
          "schema_version": 0,
          "attributes": {
            "admin_state_up": true,
            "all_tags": [],
            "availability_zone_hints": [],
            "description": "",
            "dns_domain": "",
            "external": false,
            "id": "2ec2a1c9-673b-4c60-88f8-21bb5c6c3bc5",
            "mtu": 1450,
            "name": "network02",
            "port_security_enabled": false,
            "qos_policy_id": "",
            "region": "",
            "segments": [],
            "shared": true,
            "tags": [],
            "tenant_id": "cbb824104f354881846dc4107d2747f1",
            "timeouts": null,
            "transparent_vlan": false,
            "value_specs": null
          },
          "sensitive_attributes": [],
          "private": "eyJlMmJmYjczMC1lY2FhLTExZTYtOGY4OC0zNDM2M2JjN2M0YzAiOnsiY3JlYXRlIjo2MDAwMDAwMDAwMDAsImRlbGV0ZSI6NjAwMDAwMDAwMDAwfX0="
        }
      ]
    },
    {
      "mode": "managed",
      "type": "openstack_networking_port_v2",
      "name": "port_control_network_Firewall",
      "provider": "provider[\"registry.terraform.io/terraform-provider-openstack/openstack\"]",
      "instances": [
        {
          "schema_version": 0,
          "attributes": {
            "admin_state_up": true,
            "all_fixed_ips": [
              "192.168.200.5"
            ],
            "all_security_group_ids": [],
            "all_tags": [],
            "allowed_address_pairs": [],
            "binding": [
              {
                "host_id": "aio1",
                "profile": "{}",
                "vif_details": {
                  "connectivity": "l2",
                  "port_filter": "true"
                },
                "vif_type": "bridge",
                "vnic_type": "normal"
              }
            ],
            "description": "",
            "device_id": "27e8a416-20f7-49e5-a838-328afa2cdbe6",
            "device_owner": "compute:nova",
            "dns_assignment": [],
            "dns_name": "",
            "extra_dhcp_option": [],
            "fixed_ip": [
              {
                "ip_address": "",
                "subnet_id": "a91b420f-abc2-4c11-810d-07d7c4c788ea"
              }
            ],
            "id": "358a7ecd-ace7-48c7-ba4d-94a9180e624c",
            "mac_address": "fa:16:3e:da:eb:b9",
            "name": "port_control_network_Firewall",
            "network_id": "cc33af76-1c75-4505-acec-108a7f0693de",
            "no_fixed_ip": null,
            "no_security_groups": null,
            "port_security_enabled": false,
            "qos_policy_id": "",
            "region": "",
            "security_group_ids": null,
            "tags": [],
            "tenant_id": "cbb824104f354881846dc4107d2747f1",
            "timeouts": null,
            "value_specs": null
          },
          "sensitive_attributes": [],
          "private": "eyJlMmJmYjczMC1lY2FhLTExZTYtOGY4OC0zNDM2M2JjN2M0YzAiOnsiY3JlYXRlIjo2MDAwMDAwMDAwMDAsImRlbGV0ZSI6NjAwMDAwMDAwMDAwfX0=",
          "dependencies": [
            "openstack_networking_network_v2.control_network",
            "openstack_networking_subnet_v2.subnet_control_network"
          ]
        }
      ]
    },
    {
      "mode": "managed",
      "type": "openstack_networking_port_v2",
      "name": "port_network01_DebianA",
      "provider": "provider[\"registry.terraform.io/terraform-provider-openstack/openstack\"]",
      "instances": [
        {
          "schema_version": 0,
          "attributes": {
            "admin_state_up": true,
            "all_fixed_ips": [
              "10.20.30.3"
            ],
            "all_security_group_ids": [],
            "all_tags": [],
            "allowed_address_pairs": [],
            "binding": [
              {
                "host_id": "aio1",
                "profile": "{}",
                "vif_details": {
                  "connectivity": "l2",
                  "port_filter": "true"
                },
                "vif_type": "bridge",
                "vnic_type": "normal"
              }
            ],
            "description": "",
            "device_id": "c0134652-ca6e-4de5-8439-fbf46bd72c4a",
            "device_owner": "compute:nova",
            "dns_assignment": [],
            "dns_name": "",
            "extra_dhcp_option": [],
            "fixed_ip": [
              {
                "ip_address": "10.20.30.3",
                "subnet_id": "81feec84-a27e-4dd9-8313-52de32cd42d4"
              }
            ],
            "id": "102c4ff0-a34a-4ffb-b521-6ab1484ec6bb",
            "mac_address": "fa:16:3e:bd:b0:e2",
            "name": "port_network01_DebianA",
            "network_id": "49180b1e-3583-407f-8092-243b6ce39cb2",
            "no_fixed_ip": null,
            "no_security_groups": null,
            "port_security_enabled": false,
            "qos_policy_id": "",
            "region": "",
            "security_group_ids": null,
            "tags": [],
            "tenant_id": "cbb824104f354881846dc4107d2747f1",
            "timeouts": null,
            "value_specs": null
          },
          "sensitive_attributes": [],
          "private": "eyJlMmJmYjczMC1lY2FhLTExZTYtOGY4OC0zNDM2M2JjN2M0YzAiOnsiY3JlYXRlIjo2MDAwMDAwMDAwMDAsImRlbGV0ZSI6NjAwMDAwMDAwMDAwfX0=",
          "dependencies": [
            "openstack_networking_network_v2.network01",
            "openstack_networking_subnet_v2.subnet_network01"
          ]
        }
      ]
    },
    {
      "mode": "managed",
      "type": "openstack_networking_port_v2",
      "name": "port_network01_DebianB",
      "provider": "provider[\"registry.terraform.io/terraform-provider-openstack/openstack\"]",
      "instances": [
        {
          "schema_version": 0,
          "attributes": {
            "admin_state_up": true,
            "all_fixed_ips": [
              "10.20.30.4"
            ],
            "all_security_group_ids": [],
            "all_tags": [],
            "allowed_address_pairs": [],
            "binding": [
              {
                "host_id": "aio1",
                "profile": "{}",
                "vif_details": {
                  "connectivity": "l2",
                  "port_filter": "true"
                },
                "vif_type": "bridge",
                "vnic_type": "normal"
              }
            ],
            "description": "",
            "device_id": "08bd7807-5d81-4402-b9c7-7438e556e4e9",
            "device_owner": "compute:nova",
            "dns_assignment": [],
            "dns_name": "",
            "extra_dhcp_option": [],
            "fixed_ip": [
              {
                "ip_address": "10.20.30.4",
                "subnet_id": "81feec84-a27e-4dd9-8313-52de32cd42d4"
              }
            ],
            "id": "24a15980-0200-4373-8a8b-f840c2b896c7",
            "mac_address": "fa:16:3e:ad:82:03",
            "name": "port_network01_DebianB",
            "network_id": "49180b1e-3583-407f-8092-243b6ce39cb2",
            "no_fixed_ip": null,
            "no_security_groups": null,
            "port_security_enabled": false,
            "qos_policy_id": "",
            "region": "",
            "security_group_ids": null,
            "tags": [],
            "tenant_id": "cbb824104f354881846dc4107d2747f1",
            "timeouts": null,
            "value_specs": null
          },
          "sensitive_attributes": [],
          "private": "eyJlMmJmYjczMC1lY2FhLTExZTYtOGY4OC0zNDM2M2JjN2M0YzAiOnsiY3JlYXRlIjo2MDAwMDAwMDAwMDAsImRlbGV0ZSI6NjAwMDAwMDAwMDAwfX0=",
          "dependencies": [
            "openstack_networking_network_v2.network01",
            "openstack_networking_subnet_v2.subnet_network01"
          ]
        }
      ]
    },
    {
      "mode": "managed",
      "type": "openstack_networking_port_v2",
      "name": "port_network01_Firewall",
      "provider": "provider[\"registry.terraform.io/terraform-provider-openstack/openstack\"]",
      "instances": [
        {
          "schema_version": 0,
          "attributes": {
            "admin_state_up": true,
            "all_fixed_ips": [
              "10.20.30.5"
            ],
            "all_security_group_ids": [],
            "all_tags": [],
            "allowed_address_pairs": [],
            "binding": [
              {
                "host_id": "aio1",
                "profile": "{}",
                "vif_details": {
                  "connectivity": "l2",
                  "port_filter": "true"
                },
                "vif_type": "bridge",
                "vnic_type": "normal"
              }
            ],
            "description": "",
            "device_id": "27e8a416-20f7-49e5-a838-328afa2cdbe6",
            "device_owner": "compute:nova",
            "dns_assignment": [],
            "dns_name": "",
            "extra_dhcp_option": [],
            "fixed_ip": [
              {
                "ip_address": "10.20.30.5",
                "subnet_id": "81feec84-a27e-4dd9-8313-52de32cd42d4"
              }
            ],
            "id": "131ebf3d-741e-499b-850a-75241fc66e09",
            "mac_address": "fa:16:3e:1b:74:e0",
            "name": "port_network01_Firewall",
            "network_id": "49180b1e-3583-407f-8092-243b6ce39cb2",
            "no_fixed_ip": null,
            "no_security_groups": null,
            "port_security_enabled": false,
            "qos_policy_id": "",
            "region": "",
            "security_group_ids": null,
            "tags": [],
            "tenant_id": "cbb824104f354881846dc4107d2747f1",
            "timeouts": null,
            "value_specs": null
          },
          "sensitive_attributes": [],
          "private": "eyJlMmJmYjczMC1lY2FhLTExZTYtOGY4OC0zNDM2M2JjN2M0YzAiOnsiY3JlYXRlIjo2MDAwMDAwMDAwMDAsImRlbGV0ZSI6NjAwMDAwMDAwMDAwfX0=",
          "dependencies": [
            "openstack_networking_network_v2.network01",
            "openstack_networking_subnet_v2.subnet_network01"
          ]
        }
      ]
    },
    {
      "mode": "managed",
      "type": "openstack_networking_port_v2",
      "name": "port_network02_Firewall",
      "provider": "provider[\"registry.terraform.io/terraform-provider-openstack/openstack\"]",
      "instances": [
        {
          "schema_version": 0,
          "attributes": {
            "admin_state_up": true,
            "all_fixed_ips": [
              "172.157.155.5"
            ],
            "all_security_group_ids": [],
            "all_tags": [],
            "allowed_address_pairs": [],
            "binding": [
              {
                "host_id": "aio1",
                "profile": "{}",
                "vif_details": {
                  "connectivity": "l2",
                  "port_filter": "true"
                },
                "vif_type": "bridge",
                "vnic_type": "normal"
              }
            ],
            "description": "",
            "device_id": "27e8a416-20f7-49e5-a838-328afa2cdbe6",
            "device_owner": "compute:nova",
            "dns_assignment": [],
            "dns_name": "",
            "extra_dhcp_option": [],
            "fixed_ip": [
              {
                "ip_address": "172.157.155.5",
                "subnet_id": "f41e54a5-5502-4035-9a61-cfb82b7a00c7"
              }
            ],
            "id": "25ee1e37-2a3f-4c62-a180-8c47fedfde25",
            "mac_address": "fa:16:3e:d6:ec:ff",
            "name": "port_network02_Firewall",
            "network_id": "2ec2a1c9-673b-4c60-88f8-21bb5c6c3bc5",
            "no_fixed_ip": null,
            "no_security_groups": null,
            "port_security_enabled": false,
            "qos_policy_id": "",
            "region": "",
            "security_group_ids": null,
            "tags": [],
            "tenant_id": "cbb824104f354881846dc4107d2747f1",
            "timeouts": null,
            "value_specs": null
          },
          "sensitive_attributes": [],
          "private": "eyJlMmJmYjczMC1lY2FhLTExZTYtOGY4OC0zNDM2M2JjN2M0YzAiOnsiY3JlYXRlIjo2MDAwMDAwMDAwMDAsImRlbGV0ZSI6NjAwMDAwMDAwMDAwfX0=",
          "dependencies": [
            "openstack_networking_network_v2.network02",
            "openstack_networking_subnet_v2.subnet_network02"
          ]
        }
      ]
    },
    {
      "mode": "managed",
      "type": "openstack_networking_port_v2",
      "name": "port_network02_UbuntuA",
      "provider": "provider[\"registry.terraform.io/terraform-provider-openstack/openstack\"]",
      "instances": [
        {
          "schema_version": 0,
          "attributes": {
            "admin_state_up": true,
            "all_fixed_ips": [
              "172.157.155.3"
            ],
            "all_security_group_ids": [],
            "all_tags": [],
            "allowed_address_pairs": [],
            "binding": [
              {
                "host_id": "aio1",
                "profile": "{}",
                "vif_details": {
                  "connectivity": "l2",
                  "port_filter": "true"
                },
                "vif_type": "bridge",
                "vnic_type": "normal"
              }
            ],
            "description": "",
            "device_id": "210e424d-58f6-4155-aed6-cf1e17287384",
            "device_owner": "compute:nova",
            "dns_assignment": [],
            "dns_name": "",
            "extra_dhcp_option": [],
            "fixed_ip": [
              {
                "ip_address": "172.157.155.3",
                "subnet_id": "f41e54a5-5502-4035-9a61-cfb82b7a00c7"
              }
            ],
            "id": "f878cc04-d8b7-4452-b3f6-3bf3740fe0da",
            "mac_address": "fa:16:3e:ad:ae:5d",
            "name": "port_network02_UbuntuA",
            "network_id": "2ec2a1c9-673b-4c60-88f8-21bb5c6c3bc5",
            "no_fixed_ip": null,
            "no_security_groups": null,
            "port_security_enabled": false,
            "qos_policy_id": "",
            "region": "",
            "security_group_ids": null,
            "tags": [],
            "tenant_id": "cbb824104f354881846dc4107d2747f1",
            "timeouts": null,
            "value_specs": null
          },
          "sensitive_attributes": [],
          "private": "eyJlMmJmYjczMC1lY2FhLTExZTYtOGY4OC0zNDM2M2JjN2M0YzAiOnsiY3JlYXRlIjo2MDAwMDAwMDAwMDAsImRlbGV0ZSI6NjAwMDAwMDAwMDAwfX0=",
          "dependencies": [
            "openstack_networking_subnet_v2.subnet_network02",
            "openstack_networking_network_v2.network02"
          ]
        }
      ]
    },
    {
      "mode": "managed",
      "type": "openstack_networking_port_v2",
      "name": "port_network02_UbuntuB",
      "provider": "provider[\"registry.terraform.io/terraform-provider-openstack/openstack\"]",
      "instances": [
        {
          "schema_version": 0,
          "attributes": {
            "admin_state_up": true,
            "all_fixed_ips": [
              "172.157.155.4"
            ],
            "all_security_group_ids": [],
            "all_tags": [],
            "allowed_address_pairs": [],
            "binding": [
              {
                "host_id": "aio1",
                "profile": "{}",
                "vif_details": {
                  "connectivity": "l2",
                  "port_filter": "true"
                },
                "vif_type": "bridge",
                "vnic_type": "normal"
              }
            ],
            "description": "",
            "device_id": "478e5894-e09e-4c93-8a8d-fb5001047d4b",
            "device_owner": "compute:nova",
            "dns_assignment": [],
            "dns_name": "",
            "extra_dhcp_option": [],
            "fixed_ip": [
              {
                "ip_address": "172.157.155.4",
                "subnet_id": "f41e54a5-5502-4035-9a61-cfb82b7a00c7"
              }
            ],
            "id": "1e2d4389-cc5c-451c-be14-93661f246a1d",
            "mac_address": "fa:16:3e:de:b8:13",
            "name": "port_network02_UbuntuB",
            "network_id": "2ec2a1c9-673b-4c60-88f8-21bb5c6c3bc5",
            "no_fixed_ip": null,
            "no_security_groups": null,
            "port_security_enabled": false,
            "qos_policy_id": "",
            "region": "",
            "security_group_ids": null,
            "tags": [],
            "tenant_id": "cbb824104f354881846dc4107d2747f1",
            "timeouts": null,
            "value_specs": null
          },
          "sensitive_attributes": [],
          "private": "eyJlMmJmYjczMC1lY2FhLTExZTYtOGY4OC0zNDM2M2JjN2M0YzAiOnsiY3JlYXRlIjo2MDAwMDAwMDAwMDAsImRlbGV0ZSI6NjAwMDAwMDAwMDAwfX0=",
          "dependencies": [
            "openstack_networking_network_v2.network02",
            "openstack_networking_subnet_v2.subnet_network02"
          ]
        }
      ]
    },
    {
      "mode": "managed",
      "type": "openstack_networking_router_interface_v2",
      "name": "interface_02",
      "provider": "provider[\"registry.terraform.io/terraform-provider-openstack/openstack\"]",
      "instances": [
        {
          "schema_version": 0,
          "attributes": {
            "id": "4a42b3aa-b5fd-4987-8d66-8371dfa26d3a",
            "port_id": "4a42b3aa-b5fd-4987-8d66-8371dfa26d3a",
            "region": "",
            "router_id": "b7d2d553-f847-4256-bba0-42688ff0d199",
            "subnet_id": "a91b420f-abc2-4c11-810d-07d7c4c788ea",
            "timeouts": null
          },
          "sensitive_attributes": [],
          "private": "eyJlMmJmYjczMC1lY2FhLTExZTYtOGY4OC0zNDM2M2JjN2M0YzAiOnsiY3JlYXRlIjo2MDAwMDAwMDAwMDAsImRlbGV0ZSI6NjAwMDAwMDAwMDAwfX0=",
          "dependencies": [
            "openstack_networking_network_v2.control_network",
            "openstack_networking_router_v2.control_router",
            "openstack_networking_subnet_v2.subnet_control_network"
          ]
        }
      ]
    },
    {
      "mode": "managed",
      "type": "openstack_networking_router_v2",
      "name": "control_router",
      "provider": "provider[\"registry.terraform.io/terraform-provider-openstack/openstack\"]",
      "instances": [
        {
          "schema_version": 0,
          "attributes": {
            "admin_state_up": true,
            "all_tags": [],
            "availability_zone_hints": [],
            "description": "",
            "distributed": false,
            "enable_snat": true,
            "external_fixed_ip": [
              {
                "ip_address": "172.29.249.157",
                "subnet_id": "43d4cd6b-e6e1-4a0d-ba15-b787115afbda"
              }
            ],
            "external_gateway": "e65c793c-419b-498f-85c0-3ff0e98843fb",
            "external_network_id": "e65c793c-419b-498f-85c0-3ff0e98843fb",
            "id": "b7d2d553-f847-4256-bba0-42688ff0d199",
            "name": "control_router",
            "region": "",
            "tags": [],
            "tenant_id": "cbb824104f354881846dc4107d2747f1",
            "timeouts": null,
            "value_specs": null,
            "vendor_options": []
          },
          "sensitive_attributes": [],
          "private": "eyJlMmJmYjczMC1lY2FhLTExZTYtOGY4OC0zNDM2M2JjN2M0YzAiOnsiY3JlYXRlIjo2MDAwMDAwMDAwMDAsImRlbGV0ZSI6NjAwMDAwMDAwMDAwfX0="
        }
      ]
    },
    {
      "mode": "managed",
      "type": "openstack_networking_subnet_v2",
      "name": "subnet_control_network",
      "provider": "provider[\"registry.terraform.io/terraform-provider-openstack/openstack\"]",
      "instances": [
        {
          "schema_version": 0,
          "attributes": {
            "all_tags": [],
            "allocation_pool": [
              {
                "end": "192.168.200.6",
                "start": "192.168.200.2"
              }
            ],
            "allocation_pools": [
              {
                "end": "192.168.200.6",
                "start": "192.168.200.2"
              }
            ],
            "cidr": "192.168.200.0/29",
            "description": "",
            "dns_nameservers": [],
            "enable_dhcp": true,
            "gateway_ip": "192.168.200.1",
            "host_routes": [],
            "id": "a91b420f-abc2-4c11-810d-07d7c4c788ea",
            "ip_version": 4,
            "ipv6_address_mode": "",
            "ipv6_ra_mode": "",
            "name": "",
            "network_id": "cc33af76-1c75-4505-acec-108a7f0693de",
            "no_gateway": false,
            "prefix_length": null,
            "region": "",
            "subnetpool_id": "",
            "tags": [],
            "tenant_id": "cbb824104f354881846dc4107d2747f1",
            "timeouts": null,
            "value_specs": null
          },
          "sensitive_attributes": [],
          "private": "eyJlMmJmYjczMC1lY2FhLTExZTYtOGY4OC0zNDM2M2JjN2M0YzAiOnsiY3JlYXRlIjo2MDAwMDAwMDAwMDAsImRlbGV0ZSI6NjAwMDAwMDAwMDAwfX0=",
          "dependencies": [
            "openstack_networking_network_v2.control_network"
          ]
        }
      ]
    },
    {
      "mode": "managed",
      "type": "openstack_networking_subnet_v2",
      "name": "subnet_network01",
      "provider": "provider[\"registry.terraform.io/terraform-provider-openstack/openstack\"]",
      "instances": [
        {
          "schema_version": 0,
          "attributes": {
            "all_tags": [],
            "allocation_pool": [
              {
                "end": "10.20.30.4",
                "start": "10.20.30.1"
              },
              {
                "end": "10.20.30.6",
                "start": "10.20.30.6"
              }
            ],
            "allocation_pools": [
              {
                "end": "10.20.30.4",
                "start": "10.20.30.1"
              },
              {
                "end": "10.20.30.6",
                "start": "10.20.30.6"
              }
            ],
            "cidr": "10.20.30.0/29",
            "description": "",
            "dns_nameservers": [],
            "enable_dhcp": true,
            "gateway_ip": "10.20.30.5",
            "host_routes": [],
            "id": "81feec84-a27e-4dd9-8313-52de32cd42d4",
            "ip_version": 4,
            "ipv6_address_mode": "",
            "ipv6_ra_mode": "",
            "name": "",
            "network_id": "49180b1e-3583-407f-8092-243b6ce39cb2",
            "no_gateway": false,
            "prefix_length": null,
            "region": "",
            "subnetpool_id": "",
            "tags": [],
            "tenant_id": "cbb824104f354881846dc4107d2747f1",
            "timeouts": null,
            "value_specs": null
          },
          "sensitive_attributes": [],
          "private": "eyJlMmJmYjczMC1lY2FhLTExZTYtOGY4OC0zNDM2M2JjN2M0YzAiOnsiY3JlYXRlIjo2MDAwMDAwMDAwMDAsImRlbGV0ZSI6NjAwMDAwMDAwMDAwfX0=",
          "dependencies": [
            "openstack_networking_network_v2.network01"
          ]
        }
      ]
    },
    {
      "mode": "managed",
      "type": "openstack_networking_subnet_v2",
      "name": "subnet_network02",
      "provider": "provider[\"registry.terraform.io/terraform-provider-openstack/openstack\"]",
      "instances": [
        {
          "schema_version": 0,
          "attributes": {
            "all_tags": [],
            "allocation_pool": [
              {
                "end": "172.157.155.4",
                "start": "172.157.155.1"
              },
              {
                "end": "172.157.155.6",
                "start": "172.157.155.6"
              }
            ],
            "allocation_pools": [
              {
                "end": "172.157.155.6",
                "start": "172.157.155.6"
              },
              {
                "end": "172.157.155.4",
                "start": "172.157.155.1"
              }
            ],
            "cidr": "172.157.155.0/29",
            "description": "",
            "dns_nameservers": [],
            "enable_dhcp": true,
            "gateway_ip": "172.157.155.5",
            "host_routes": [],
            "id": "f41e54a5-5502-4035-9a61-cfb82b7a00c7",
            "ip_version": 4,
            "ipv6_address_mode": "",
            "ipv6_ra_mode": "",
            "name": "",
            "network_id": "2ec2a1c9-673b-4c60-88f8-21bb5c6c3bc5",
            "no_gateway": false,
            "prefix_length": null,
            "region": "",
            "subnetpool_id": "",
            "tags": [],
            "tenant_id": "cbb824104f354881846dc4107d2747f1",
            "timeouts": null,
            "value_specs": null
          },
          "sensitive_attributes": [],
          "private": "eyJlMmJmYjczMC1lY2FhLTExZTYtOGY4OC0zNDM2M2JjN2M0YzAiOnsiY3JlYXRlIjo2MDAwMDAwMDAwMDAsImRlbGV0ZSI6NjAwMDAwMDAwMDAwfX0=",
          "dependencies": [
            "openstack_networking_network_v2.network02"
          ]
        }
      ]
    }
  ]
}
