{
  "version": 4,
  "terraform_version": "0.15.3",
  "serial": 2891,
  "lineage": "2560dc1b-642c-54e3-b1b9-19053532f235",
  "outputs": {},
  "resources": [
    {
      "mode": "managed",
      "type": "null_resource",
      "name": "provision",
      "provider": "provider[\"registry.terraform.io/hashicorp/null\"]",
      "instances": [
        {
          "schema_version": 0,
          "attributes": {
            "id": "2489347891676716041",
            "triggers": null
          },
          "sensitive_attributes": [],
          "private": "bnVsbA==",
          "dependencies": [
            "openstack_networking_port_v2.port_network01_Firewall",
            "openstack_networking_port_v2.port_network02_Firewall",
            "openstack_networking_subnet_v2.subnet_control_network",
            "openstack_networking_network_v2.network02",
            "openstack_images_image_v2.Debian",
            "openstack_networking_network_v2.network01",
            "openstack_compute_floatingip_associate_v2.ipfHost",
            "openstack_networking_floatingip_v2.ipfHost",
            "openstack_networking_network_v2.control_network",
            "openstack_blockstorage_volume_v3.firewall_volume",
            "openstack_compute_instance_v2.firewall",
            "openstack_compute_keypair_v2.keypair",
            "openstack_networking_port_v2.port_control_network_Firewall",
            "openstack_networking_subnet_v2.subnet_network01",
            "openstack_networking_subnet_v2.subnet_network02",
            "openstack_compute_flavor_v2.debian_flavor"
          ]
        }
      ]
    },
    {
      "mode": "managed",
      "type": "openstack_blockstorage_volume_v3",
      "name": "debian_A_volume",
      "provider": "provider[\"registry.terraform.io/terraform-provider-openstack/openstack\"]",
      "instances": [
        {
          "schema_version": 0,
          "attributes": {
            "attachment": [
              {
                "device": "/dev/vda",
                "id": "0eece32c-a4d6-4283-9e97-91d2b8bf5308",
                "instance_id": "2af366e9-854f-4b27-bae8-2bb105ca14cb"
              }
            ],
            "availability_zone": "nova",
            "consistency_group_id": null,
            "description": "",
            "enable_online_resize": null,
            "id": "0eece32c-a4d6-4283-9e97-91d2b8bf5308",
            "image_id": "54b0e248-4ab7-4dae-a415-e21aeb48e8eb",
            "metadata": {},
            "multiattach": null,
            "name": "debian_A_volume",
            "region": "RegionOne",
            "scheduler_hints": [],
            "size": 25,
            "snapshot_id": "",
            "source_replica": null,
            "source_vol_id": "",
            "timeouts": null,
            "volume_type": "__DEFAULT__"
          },
          "sensitive_attributes": [],
          "private": "eyJlMmJmYjczMC1lY2FhLTExZTYtOGY4OC0zNDM2M2JjN2M0YzAiOnsiY3JlYXRlIjo2MDAwMDAwMDAwMDAsImRlbGV0ZSI6NjAwMDAwMDAwMDAwfX0=",
          "dependencies": [
            "openstack_images_image_v2.Debian"
          ]
        }
      ]
    },
    {
      "mode": "managed",
      "type": "openstack_blockstorage_volume_v3",
      "name": "debian_B_volume",
      "provider": "provider[\"registry.terraform.io/terraform-provider-openstack/openstack\"]",
      "instances": [
        {
          "schema_version": 0,
          "attributes": {
            "attachment": [
              {
                "device": "/dev/vda",
                "id": "cfa50b54-c3c9-495e-9786-90bf2cd517f8",
                "instance_id": "301aa202-66a8-455a-94a7-8448305762da"
              }
            ],
            "availability_zone": "nova",
            "consistency_group_id": null,
            "description": "",
            "enable_online_resize": true,
            "id": "cfa50b54-c3c9-495e-9786-90bf2cd517f8",
            "image_id": "54b0e248-4ab7-4dae-a415-e21aeb48e8eb",
            "metadata": {},
            "multiattach": null,
            "name": "debian_B_volume",
            "region": "RegionOne",
            "scheduler_hints": [],
            "size": 25,
            "snapshot_id": "",
            "source_replica": null,
            "source_vol_id": "",
            "timeouts": null,
            "volume_type": "__DEFAULT__"
          },
          "sensitive_attributes": [],
          "private": "eyJlMmJmYjczMC1lY2FhLTExZTYtOGY4OC0zNDM2M2JjN2M0YzAiOnsiY3JlYXRlIjo2MDAwMDAwMDAwMDAsImRlbGV0ZSI6NjAwMDAwMDAwMDAwfX0=",
          "dependencies": [
            "openstack_images_image_v2.Debian"
          ]
        }
      ]
    },
    {
      "mode": "managed",
      "type": "openstack_blockstorage_volume_v3",
      "name": "firewall_volume",
      "provider": "provider[\"registry.terraform.io/terraform-provider-openstack/openstack\"]",
      "instances": [
        {
          "schema_version": 0,
          "attributes": {
            "attachment": [
              {
                "device": "/dev/vda",
                "id": "05aeee44-1359-462c-a38b-caa6045f796e",
                "instance_id": "4ad94613-d43c-4f82-b1ff-837100ac42f9"
              }
            ],
            "availability_zone": "nova",
            "consistency_group_id": null,
            "description": "",
            "enable_online_resize": true,
            "id": "05aeee44-1359-462c-a38b-caa6045f796e",
            "image_id": "54b0e248-4ab7-4dae-a415-e21aeb48e8eb",
            "metadata": {},
            "multiattach": null,
            "name": "firewall_volume",
            "region": "RegionOne",
            "scheduler_hints": [],
            "size": 20,
            "snapshot_id": "",
            "source_replica": null,
            "source_vol_id": "",
            "timeouts": null,
            "volume_type": "__DEFAULT__"
          },
          "sensitive_attributes": [],
          "private": "eyJlMmJmYjczMC1lY2FhLTExZTYtOGY4OC0zNDM2M2JjN2M0YzAiOnsiY3JlYXRlIjo2MDAwMDAwMDAwMDAsImRlbGV0ZSI6NjAwMDAwMDAwMDAwfX0=",
          "dependencies": [
            "openstack_images_image_v2.Debian"
          ]
        }
      ]
    },
    {
      "mode": "managed",
      "type": "openstack_blockstorage_volume_v3",
      "name": "ubuntu_A_volume",
      "provider": "provider[\"registry.terraform.io/terraform-provider-openstack/openstack\"]",
      "instances": [
        {
          "schema_version": 0,
          "attributes": {
            "attachment": [
              {
                "device": "/dev/vda",
                "id": "366ef3d6-458c-4939-bb42-257dbc0a1e5f",
                "instance_id": "74dabd97-fc41-4964-98ff-67993977b04c"
              }
            ],
            "availability_zone": "nova",
            "consistency_group_id": null,
            "description": "",
            "enable_online_resize": true,
            "id": "366ef3d6-458c-4939-bb42-257dbc0a1e5f",
            "image_id": "d3a27f1b-2dc5-4337-86c2-1e2b6be906f5",
            "metadata": {},
            "multiattach": null,
            "name": "ubuntu_A_volume",
            "region": "RegionOne",
            "scheduler_hints": [],
            "size": 25,
            "snapshot_id": "",
            "source_replica": null,
            "source_vol_id": "",
            "timeouts": null,
            "volume_type": "__DEFAULT__"
          },
          "sensitive_attributes": [],
          "private": "eyJlMmJmYjczMC1lY2FhLTExZTYtOGY4OC0zNDM2M2JjN2M0YzAiOnsiY3JlYXRlIjo2MDAwMDAwMDAwMDAsImRlbGV0ZSI6NjAwMDAwMDAwMDAwfX0=",
          "dependencies": [
            "openstack_images_image_v2.Ubuntu"
          ]
        }
      ]
    },
    {
      "mode": "managed",
      "type": "openstack_blockstorage_volume_v3",
      "name": "ubuntu_B_volume",
      "provider": "provider[\"registry.terraform.io/terraform-provider-openstack/openstack\"]",
      "instances": [
        {
          "schema_version": 0,
          "attributes": {
            "attachment": [
              {
                "device": "/dev/vda",
                "id": "2061cf87-9187-47b8-a219-ea201ce4be9a",
                "instance_id": "ba8c2ae9-a721-4227-b9dc-2c0dc8daee03"
              }
            ],
            "availability_zone": "nova",
            "consistency_group_id": null,
            "description": "",
            "enable_online_resize": true,
            "id": "2061cf87-9187-47b8-a219-ea201ce4be9a",
            "image_id": "d3a27f1b-2dc5-4337-86c2-1e2b6be906f5",
            "metadata": {},
            "multiattach": null,
            "name": "ubuntu_B_volume",
            "region": "RegionOne",
            "scheduler_hints": [],
            "size": 25,
            "snapshot_id": "",
            "source_replica": null,
            "source_vol_id": "",
            "timeouts": null,
            "volume_type": "__DEFAULT__"
          },
          "sensitive_attributes": [],
          "private": "eyJlMmJmYjczMC1lY2FhLTExZTYtOGY4OC0zNDM2M2JjN2M0YzAiOnsiY3JlYXRlIjo2MDAwMDAwMDAwMDAsImRlbGV0ZSI6NjAwMDAwMDAwMDAwfX0=",
          "dependencies": [
            "openstack_images_image_v2.Ubuntu"
          ]
        }
      ]
    },
    {
      "mode": "managed",
      "type": "openstack_compute_flavor_v2",
      "name": "debian_flavor",
      "provider": "provider[\"registry.terraform.io/terraform-provider-openstack/openstack\"]",
      "instances": [
        {
          "schema_version": 0,
          "attributes": {
            "disk": 25,
            "ephemeral": 0,
            "extra_specs": {},
            "flavor_id": "033ee14e-ca86-49f8-b76e-ec640c70532b",
            "id": "033ee14e-ca86-49f8-b76e-ec640c70532b",
            "is_public": true,
            "name": "debian_flavor",
            "ram": 2024,
            "region": "",
            "rx_tx_factor": 1,
            "swap": 0,
            "vcpus": 2
          },
          "sensitive_attributes": [],
          "private": "bnVsbA=="
        }
      ]
    },
    {
      "mode": "managed",
      "type": "openstack_compute_flavor_v2",
      "name": "ubuntu_flavor",
      "provider": "provider[\"registry.terraform.io/terraform-provider-openstack/openstack\"]",
      "instances": [
        {
          "schema_version": 0,
          "attributes": {
            "disk": 25,
            "ephemeral": 0,
            "extra_specs": {},
            "flavor_id": "6cd24b6d-70da-4cbb-8a4a-a1dbdea365e6",
            "id": "6cd24b6d-70da-4cbb-8a4a-a1dbdea365e6",
            "is_public": true,
            "name": "ubuntu_flavor",
            "ram": 2024,
            "region": "",
            "rx_tx_factor": 1,
            "swap": 0,
            "vcpus": 2
          },
          "sensitive_attributes": [],
          "private": "bnVsbA=="
        }
      ]
    },
    {
      "mode": "managed",
      "type": "openstack_compute_floatingip_associate_v2",
      "name": "ipfHost",
      "provider": "provider[\"registry.terraform.io/terraform-provider-openstack/openstack\"]",
      "instances": [
        {
          "schema_version": 0,
          "attributes": {
            "fixed_ip": "",
            "floating_ip": "172.29.249.167",
            "id": "172.29.249.167/4ad94613-d43c-4f82-b1ff-837100ac42f9/",
            "instance_id": "4ad94613-d43c-4f82-b1ff-837100ac42f9",
            "region": "",
            "timeouts": null,
            "wait_until_associated": null
          },
          "sensitive_attributes": [],
          "private": "eyJlMmJmYjczMC1lY2FhLTExZTYtOGY4OC0zNDM2M2JjN2M0YzAiOnsiY3JlYXRlIjo2MDAwMDAwMDAwMDB9fQ==",
          "dependencies": [
            "openstack_compute_flavor_v2.debian_flavor",
            "openstack_networking_network_v2.control_network",
            "openstack_networking_network_v2.network01",
            "openstack_networking_port_v2.port_network02_Firewall",
            "openstack_compute_instance_v2.firewall",
            "openstack_networking_port_v2.port_network01_Firewall",
            "openstack_networking_subnet_v2.subnet_network02",
            "openstack_blockstorage_volume_v3.firewall_volume",
            "openstack_compute_keypair_v2.keypair",
            "openstack_networking_floatingip_v2.ipfHost",
            "openstack_networking_subnet_v2.subnet_control_network",
            "openstack_images_image_v2.Debian",
            "openstack_networking_network_v2.network02",
            "openstack_networking_port_v2.port_control_network_Firewall",
            "openstack_networking_subnet_v2.subnet_network01"
          ]
        }
      ]
    },
    {
      "mode": "managed",
      "type": "openstack_compute_instance_v2",
      "name": "DebianA",
      "provider": "provider[\"registry.terraform.io/terraform-provider-openstack/openstack\"]",
      "instances": [
        {
          "schema_version": 0,
          "attributes": {
            "access_ip_v4": "10.20.30.3",
            "access_ip_v6": "",
            "admin_pass": null,
            "all_metadata": {},
            "all_tags": [],
            "availability_zone": "nova",
            "availability_zone_hints": null,
            "block_device": [
              {
                "boot_index": 0,
                "delete_on_termination": true,
                "destination_type": "volume",
                "device_type": "",
                "disk_bus": "",
                "guest_format": "",
                "source_type": "volume",
                "uuid": "0eece32c-a4d6-4283-9e97-91d2b8bf5308",
                "volume_size": 0,
                "volume_type": ""
              }
            ],
            "config_drive": null,
            "flavor_id": "033ee14e-ca86-49f8-b76e-ec640c70532b",
            "flavor_name": "debian_flavor",
            "floating_ip": null,
            "force_delete": false,
            "id": "2af366e9-854f-4b27-bae8-2bb105ca14cb",
            "image_id": "Attempt to boot from volume - no image supplied",
            "image_name": null,
            "key_pair": "keypair",
            "metadata": null,
            "name": "DebianA",
            "network": [
              {
                "access_network": false,
                "fixed_ip_v4": "10.20.30.3",
                "fixed_ip_v6": "",
                "floating_ip": "",
                "mac": "fa:16:3e:13:88:ca",
                "name": "network01",
                "port": "b96553a2-6f06-46f1-bbba-79c60ed83d78",
                "uuid": "7eea5ac5-08e1-469a-a5a4-84771735c54f"
              }
            ],
            "network_mode": null,
            "personality": [],
            "power_state": "active",
            "region": "",
            "scheduler_hints": [],
            "security_groups": [],
            "stop_before_destroy": false,
            "tags": [],
            "timeouts": null,
            "user_data": null,
            "vendor_options": [],
            "volume": []
          },
          "sensitive_attributes": [],
          "private": "eyJlMmJmYjczMC1lY2FhLTExZTYtOGY4OC0zNDM2M2JjN2M0YzAiOnsiY3JlYXRlIjoxODAwMDAwMDAwMDAwLCJkZWxldGUiOjE4MDAwMDAwMDAwMDAsInVwZGF0ZSI6MTgwMDAwMDAwMDAwMH19",
          "dependencies": [
            "openstack_blockstorage_volume_v3.debian_A_volume",
            "openstack_compute_flavor_v2.debian_flavor",
            "openstack_compute_keypair_v2.keypair",
            "openstack_images_image_v2.Debian",
            "openstack_networking_network_v2.network01",
            "openstack_networking_port_v2.port_network01_DebianA",
            "openstack_networking_subnet_v2.subnet_network01"
          ]
        }
      ]
    },
    {
      "mode": "managed",
      "type": "openstack_compute_instance_v2",
      "name": "DebianB",
      "provider": "provider[\"registry.terraform.io/terraform-provider-openstack/openstack\"]",
      "instances": [
        {
          "schema_version": 0,
          "attributes": {
            "access_ip_v4": "10.20.30.4",
            "access_ip_v6": "",
            "admin_pass": null,
            "all_metadata": {},
            "all_tags": [],
            "availability_zone": "nova",
            "availability_zone_hints": null,
            "block_device": [
              {
                "boot_index": 0,
                "delete_on_termination": true,
                "destination_type": "volume",
                "device_type": "",
                "disk_bus": "",
                "guest_format": "",
                "source_type": "volume",
                "uuid": "cfa50b54-c3c9-495e-9786-90bf2cd517f8",
                "volume_size": 0,
                "volume_type": ""
              }
            ],
            "config_drive": null,
            "flavor_id": "033ee14e-ca86-49f8-b76e-ec640c70532b",
            "flavor_name": "debian_flavor",
            "floating_ip": null,
            "force_delete": false,
            "id": "301aa202-66a8-455a-94a7-8448305762da",
            "image_id": "Attempt to boot from volume - no image supplied",
            "image_name": null,
            "key_pair": "keypair",
            "metadata": null,
            "name": "DebianB",
            "network": [
              {
                "access_network": false,
                "fixed_ip_v4": "10.20.30.4",
                "fixed_ip_v6": "",
                "floating_ip": "",
                "mac": "fa:16:3e:4d:58:96",
                "name": "network01",
                "port": "88a6e834-1d36-4193-a69e-a82465a45312",
                "uuid": "7eea5ac5-08e1-469a-a5a4-84771735c54f"
              }
            ],
            "network_mode": null,
            "personality": [],
            "power_state": "active",
            "region": "",
            "scheduler_hints": [],
            "security_groups": [],
            "stop_before_destroy": false,
            "tags": [],
            "timeouts": null,
            "user_data": null,
            "vendor_options": [],
            "volume": []
          },
          "sensitive_attributes": [],
          "private": "eyJlMmJmYjczMC1lY2FhLTExZTYtOGY4OC0zNDM2M2JjN2M0YzAiOnsiY3JlYXRlIjoxODAwMDAwMDAwMDAwLCJkZWxldGUiOjE4MDAwMDAwMDAwMDAsInVwZGF0ZSI6MTgwMDAwMDAwMDAwMH19",
          "dependencies": [
            "openstack_compute_keypair_v2.keypair",
            "openstack_images_image_v2.Debian",
            "openstack_networking_network_v2.network01",
            "openstack_networking_port_v2.port_network01_DebianB",
            "openstack_networking_subnet_v2.subnet_network01",
            "openstack_blockstorage_volume_v3.debian_B_volume",
            "openstack_compute_flavor_v2.debian_flavor"
          ]
        }
      ]
    },
    {
      "mode": "managed",
      "type": "openstack_compute_instance_v2",
      "name": "UbuntuA",
      "provider": "provider[\"registry.terraform.io/terraform-provider-openstack/openstack\"]",
      "instances": [
        {
          "schema_version": 0,
          "attributes": {
            "access_ip_v4": "172.157.155.3",
            "access_ip_v6": "",
            "admin_pass": null,
            "all_metadata": {},
            "all_tags": [],
            "availability_zone": "nova",
            "availability_zone_hints": null,
            "block_device": [
              {
                "boot_index": 0,
                "delete_on_termination": true,
                "destination_type": "volume",
                "device_type": "",
                "disk_bus": "",
                "guest_format": "",
                "source_type": "volume",
                "uuid": "366ef3d6-458c-4939-bb42-257dbc0a1e5f",
                "volume_size": 0,
                "volume_type": ""
              }
            ],
            "config_drive": null,
            "flavor_id": "6cd24b6d-70da-4cbb-8a4a-a1dbdea365e6",
            "flavor_name": "ubuntu_flavor",
            "floating_ip": null,
            "force_delete": false,
            "id": "74dabd97-fc41-4964-98ff-67993977b04c",
            "image_id": "Attempt to boot from volume - no image supplied",
            "image_name": null,
            "key_pair": "keypair",
            "metadata": null,
            "name": "UbuntuA",
            "network": [
              {
                "access_network": false,
                "fixed_ip_v4": "172.157.155.3",
                "fixed_ip_v6": "",
                "floating_ip": "",
                "mac": "fa:16:3e:44:86:4e",
                "name": "network02",
                "port": "cf88c961-3b6a-4833-837c-ff0238ee39ba",
                "uuid": "8fc64416-aaf1-439a-83e7-4caea2c63c0b"
              }
            ],
            "network_mode": null,
            "personality": [],
            "power_state": "active",
            "region": "",
            "scheduler_hints": [],
            "security_groups": [],
            "stop_before_destroy": false,
            "tags": [],
            "timeouts": null,
            "user_data": null,
            "vendor_options": [],
            "volume": []
          },
          "sensitive_attributes": [],
          "private": "eyJlMmJmYjczMC1lY2FhLTExZTYtOGY4OC0zNDM2M2JjN2M0YzAiOnsiY3JlYXRlIjoxODAwMDAwMDAwMDAwLCJkZWxldGUiOjE4MDAwMDAwMDAwMDAsInVwZGF0ZSI6MTgwMDAwMDAwMDAwMH19",
          "dependencies": [
            "openstack_networking_subnet_v2.subnet_network02",
            "openstack_blockstorage_volume_v3.ubuntu_A_volume",
            "openstack_compute_flavor_v2.ubuntu_flavor",
            "openstack_compute_keypair_v2.keypair",
            "openstack_images_image_v2.Ubuntu",
            "openstack_networking_network_v2.network02",
            "openstack_networking_port_v2.port_network02_UbuntuA"
          ]
        }
      ]
    },
    {
      "mode": "managed",
      "type": "openstack_compute_instance_v2",
      "name": "UbuntuB",
      "provider": "provider[\"registry.terraform.io/terraform-provider-openstack/openstack\"]",
      "instances": [
        {
          "schema_version": 0,
          "attributes": {
            "access_ip_v4": "172.157.155.4",
            "access_ip_v6": "",
            "admin_pass": null,
            "all_metadata": {},
            "all_tags": [],
            "availability_zone": "nova",
            "availability_zone_hints": null,
            "block_device": [
              {
                "boot_index": 0,
                "delete_on_termination": true,
                "destination_type": "volume",
                "device_type": "",
                "disk_bus": "",
                "guest_format": "",
                "source_type": "volume",
                "uuid": "2061cf87-9187-47b8-a219-ea201ce4be9a",
                "volume_size": 0,
                "volume_type": ""
              }
            ],
            "config_drive": null,
            "flavor_id": "6cd24b6d-70da-4cbb-8a4a-a1dbdea365e6",
            "flavor_name": "ubuntu_flavor",
            "floating_ip": null,
            "force_delete": false,
            "id": "ba8c2ae9-a721-4227-b9dc-2c0dc8daee03",
            "image_id": "Attempt to boot from volume - no image supplied",
            "image_name": null,
            "key_pair": "keypair",
            "metadata": null,
            "name": "UbuntuB",
            "network": [
              {
                "access_network": false,
                "fixed_ip_v4": "172.157.155.4",
                "fixed_ip_v6": "",
                "floating_ip": "",
                "mac": "fa:16:3e:36:44:21",
                "name": "network02",
                "port": "1acecdc4-445c-4a20-8bb7-7a9216753331",
                "uuid": "8fc64416-aaf1-439a-83e7-4caea2c63c0b"
              }
            ],
            "network_mode": null,
            "personality": [],
            "power_state": "active",
            "region": "",
            "scheduler_hints": [],
            "security_groups": [],
            "stop_before_destroy": false,
            "tags": [],
            "timeouts": null,
            "user_data": null,
            "vendor_options": [],
            "volume": []
          },
          "sensitive_attributes": [],
          "private": "eyJlMmJmYjczMC1lY2FhLTExZTYtOGY4OC0zNDM2M2JjN2M0YzAiOnsiY3JlYXRlIjoxODAwMDAwMDAwMDAwLCJkZWxldGUiOjE4MDAwMDAwMDAwMDAsInVwZGF0ZSI6MTgwMDAwMDAwMDAwMH19",
          "dependencies": [
            "openstack_compute_flavor_v2.ubuntu_flavor",
            "openstack_compute_keypair_v2.keypair",
            "openstack_images_image_v2.Ubuntu",
            "openstack_networking_network_v2.network02",
            "openstack_networking_port_v2.port_network02_UbuntuB",
            "openstack_networking_subnet_v2.subnet_network02",
            "openstack_blockstorage_volume_v3.ubuntu_B_volume"
          ]
        }
      ]
    },
    {
      "mode": "managed",
      "type": "openstack_compute_instance_v2",
      "name": "firewall",
      "provider": "provider[\"registry.terraform.io/terraform-provider-openstack/openstack\"]",
      "instances": [
        {
          "schema_version": 0,
          "attributes": {
            "access_ip_v4": "192.168.200.3",
            "access_ip_v6": "",
            "admin_pass": null,
            "all_metadata": {},
            "all_tags": [],
            "availability_zone": "nova",
            "availability_zone_hints": null,
            "block_device": [
              {
                "boot_index": 0,
                "delete_on_termination": true,
                "destination_type": "volume",
                "device_type": "",
                "disk_bus": "",
                "guest_format": "",
                "source_type": "volume",
                "uuid": "05aeee44-1359-462c-a38b-caa6045f796e",
                "volume_size": 0,
                "volume_type": ""
              }
            ],
            "config_drive": null,
            "flavor_id": "033ee14e-ca86-49f8-b76e-ec640c70532b",
            "flavor_name": "debian_flavor",
            "floating_ip": null,
            "force_delete": false,
            "id": "4ad94613-d43c-4f82-b1ff-837100ac42f9",
            "image_id": "Attempt to boot from volume - no image supplied",
            "image_name": null,
            "key_pair": "keypair",
            "metadata": null,
            "name": "firewall",
            "network": [
              {
                "access_network": false,
                "fixed_ip_v4": "192.168.200.3",
                "fixed_ip_v6": "",
                "floating_ip": "",
                "mac": "fa:16:3e:8c:ec:79",
                "name": "control_network",
                "port": "c0718e06-49bc-4c83-ba31-3ea5e4800b72",
                "uuid": "ba5d6a06-19f5-41c1-80be-92dbedd9aca8"
              },
              {
                "access_network": false,
                "fixed_ip_v4": "10.20.30.5",
                "fixed_ip_v6": "",
                "floating_ip": "",
                "mac": "fa:16:3e:a9:85:ab",
                "name": "network01",
                "port": "2f72b1ea-0988-41f7-bfef-f24f2a39b8ca",
                "uuid": "7eea5ac5-08e1-469a-a5a4-84771735c54f"
              },
              {
                "access_network": false,
                "fixed_ip_v4": "172.157.155.5",
                "fixed_ip_v6": "",
                "floating_ip": "",
                "mac": "fa:16:3e:5a:74:8a",
                "name": "network02",
                "port": "db5d28d3-3d20-46be-88d4-be7b955f0f19",
                "uuid": "8fc64416-aaf1-439a-83e7-4caea2c63c0b"
              }
            ],
            "network_mode": null,
            "personality": [],
            "power_state": "active",
            "region": "",
            "scheduler_hints": [],
            "security_groups": [],
            "stop_before_destroy": false,
            "tags": [],
            "timeouts": null,
            "user_data": null,
            "vendor_options": [],
            "volume": []
          },
          "sensitive_attributes": [],
          "private": "eyJlMmJmYjczMC1lY2FhLTExZTYtOGY4OC0zNDM2M2JjN2M0YzAiOnsiY3JlYXRlIjoxODAwMDAwMDAwMDAwLCJkZWxldGUiOjE4MDAwMDAwMDAwMDAsInVwZGF0ZSI6MTgwMDAwMDAwMDAwMH19",
          "dependencies": [
            "openstack_compute_flavor_v2.debian_flavor",
            "openstack_networking_network_v2.network02",
            "openstack_networking_port_v2.port_network01_Firewall",
            "openstack_networking_port_v2.port_network02_Firewall",
            "openstack_networking_subnet_v2.subnet_control_network",
            "openstack_networking_port_v2.port_control_network_Firewall",
            "openstack_networking_subnet_v2.subnet_network01",
            "openstack_networking_subnet_v2.subnet_network02",
            "openstack_blockstorage_volume_v3.firewall_volume",
            "openstack_compute_keypair_v2.keypair",
            "openstack_images_image_v2.Debian",
            "openstack_networking_network_v2.control_network",
            "openstack_networking_network_v2.network01"
          ]
        }
      ]
    },
    {
      "mode": "managed",
      "type": "openstack_compute_keypair_v2",
      "name": "keypair",
      "provider": "provider[\"registry.terraform.io/terraform-provider-openstack/openstack\"]",
      "instances": [
        {
          "schema_version": 0,
          "attributes": {
            "fingerprint": "15:08:3f:be:8d:c3:15:ff:70:fd:d9:d0:ae:56:2a:54",
            "id": "keypair",
            "name": "keypair",
            "private_key": "",
            "public_key": "ssh-rsa AAAAB3NzaC1yc2EAAAADAQABAAABAQDnfASYKOdgKXiXKHf2jykODPc99knXfOxnkwBP+eDCXXxIl3tGpNjY3X8nJ2qQEoddYEDm/xSPmnBUgRIuQX8G4Kgu2x0N88DsP6LPwr8kU6oI8FRn2MWeE6rVrIIvMRkgVPjk8eWwnfGquvEhwOogVs/3NLCnAKyRhM9DJcYFSHbJy7oURje89mAsjvJf8gaSUFtKwUzZv4/0Qyr10s/ykr6P+9LBucIOAscPM6qHw4VLbzXHyuwGhMjySu9CzDIPJoOtwkLqqZZ0RZGlv+jCkV9XoW1VYhz3305winMrE0vtja4y1CzKdp6xmOU6jNWn/ZeSkj9zatoNwsuIJkBP Generated-by-Nova",
            "region": "",
            "value_specs": null
          },
          "sensitive_attributes": [],
          "private": "bnVsbA=="
        }
      ]
    },
    {
      "mode": "managed",
      "type": "openstack_compute_secgroup_v2",
      "name": "icmp",
      "provider": "provider[\"registry.terraform.io/terraform-provider-openstack/openstack\"]",
      "instances": [
        {
          "schema_version": 0,
          "attributes": {
            "description": "Open ping ICMP",
            "id": "ab96fbd1-36d7-4735-82fc-13c3774a4603",
            "name": "icmp",
            "region": "",
            "rule": [
              {
                "cidr": "0.0.0.0/0",
                "from_group_id": "",
                "from_port": -1,
                "id": "0b8c07cc-d049-423e-9c38-c8cd55c04c98",
                "ip_protocol": "icmp",
                "self": false,
                "to_port": -1
              }
            ],
            "timeouts": null
          },
          "sensitive_attributes": [],
          "private": "eyJlMmJmYjczMC1lY2FhLTExZTYtOGY4OC0zNDM2M2JjN2M0YzAiOnsiZGVsZXRlIjo2MDAwMDAwMDAwMDB9fQ=="
        }
      ]
    },
    {
      "mode": "managed",
      "type": "openstack_compute_secgroup_v2",
      "name": "ssh",
      "provider": "provider[\"registry.terraform.io/terraform-provider-openstack/openstack\"]",
      "instances": [
        {
          "schema_version": 0,
          "attributes": {
            "description": "Open input ssh port",
            "id": "6c368fc9-9d39-42fc-aa63-eaca26cb97e2",
            "name": "ssh",
            "region": "",
            "rule": [
              {
                "cidr": "0.0.0.0/0",
                "from_group_id": "",
                "from_port": 22,
                "id": "cd4b8f67-4109-4015-8c31-08639d5980ec",
                "ip_protocol": "tcp",
                "self": false,
                "to_port": 22
              }
            ],
            "timeouts": null
          },
          "sensitive_attributes": [],
          "private": "eyJlMmJmYjczMC1lY2FhLTExZTYtOGY4OC0zNDM2M2JjN2M0YzAiOnsiZGVsZXRlIjo2MDAwMDAwMDAwMDB9fQ=="
        }
      ]
    },
    {
      "mode": "managed",
      "type": "openstack_images_image_v2",
      "name": "Debian",
      "provider": "provider[\"registry.terraform.io/terraform-provider-openstack/openstack\"]",
      "instances": [
        {
          "schema_version": 0,
          "attributes": {
            "checksum": "16fb995da57efa245560f1833932137a",
            "container_format": "bare",
            "created_at": "2021-05-13T13:25:58Z",
            "disk_format": "qcow2",
            "file": "/v2/images/54b0e248-4ab7-4dae-a415-e21aeb48e8eb/file",
            "id": "54b0e248-4ab7-4dae-a415-e21aeb48e8eb",
            "image_cache_path": "/home/rmba/.terraform/image_cache",
            "image_id": "54b0e248-4ab7-4dae-a415-e21aeb48e8eb",
            "image_source_url": null,
            "local_file_path": "images/debian-9.13.0-amd64-netinst.iso.qcow2",
            "metadata": {},
            "min_disk_gb": 0,
            "min_ram_mb": 0,
            "name": "Debian.qcow2",
            "owner": "cbb824104f354881846dc4107d2747f1",
            "properties": {
              "os_hash_algo": "sha512",
              "os_hash_value": "0218fe5d51d2de32d2d027818abb6c68770da40a61f5e59175148c8ee058c57d49fb9c78a7fde917c3841f01fb3222913cca50cd38ac6021745b095a9b14a692",
              "stores": "file"
            },
            "protected": false,
            "region": "",
            "schema": "/v2/schemas/image",
            "size_bytes": 1609629696,
            "status": "active",
            "tags": [],
            "timeouts": null,
            "update_at": "2021-05-13T13:26:10Z",
            "updated_at": "2021-05-13T13:26:10Z",
            "verify_checksum": null,
            "visibility": "public",
            "web_download": null
          },
          "sensitive_attributes": [],
          "private": "eyJlMmJmYjczMC1lY2FhLTExZTYtOGY4OC0zNDM2M2JjN2M0YzAiOnsiY3JlYXRlIjoxODAwMDAwMDAwMDAwfX0="
        }
      ]
    },
    {
      "mode": "managed",
      "type": "openstack_images_image_v2",
      "name": "Ubuntu",
      "provider": "provider[\"registry.terraform.io/terraform-provider-openstack/openstack\"]",
      "instances": [
        {
          "schema_version": 0,
          "attributes": {
            "checksum": "01930a295cdf6fea4c8b169be8a63c86",
            "container_format": "bare",
            "created_at": "2021-05-13T13:25:16Z",
            "disk_format": "qcow2",
            "file": "/v2/images/d3a27f1b-2dc5-4337-86c2-1e2b6be906f5/file",
            "id": "d3a27f1b-2dc5-4337-86c2-1e2b6be906f5",
            "image_cache_path": "/home/rmba/.terraform/image_cache",
            "image_id": "d3a27f1b-2dc5-4337-86c2-1e2b6be906f5",
            "image_source_url": null,
            "local_file_path": "images/ubuntu-16.04.7-server-amd64.iso.qcow2",
            "metadata": {},
            "min_disk_gb": 0,
            "min_ram_mb": 0,
            "name": "Ubuntu.qcow2",
            "owner": "cbb824104f354881846dc4107d2747f1",
            "properties": {
              "os_hash_algo": "sha512",
              "os_hash_value": "621596b9da68c85686cade0a77c38528b56b3d57b623243e67307c8b8ace4a4ed370360b4724324032c1228519e56374be65fbbdddca8b3ff8f332c6d6c8ce75",
              "stores": "file"
            },
            "protected": false,
            "region": "",
            "schema": "/v2/schemas/image",
            "size_bytes": 2123563008,
            "status": "active",
            "tags": [],
            "timeouts": null,
            "update_at": "2021-05-13T13:25:31Z",
            "updated_at": "2021-05-13T13:25:31Z",
            "verify_checksum": null,
            "visibility": "public",
            "web_download": null
          },
          "sensitive_attributes": [],
          "private": "eyJlMmJmYjczMC1lY2FhLTExZTYtOGY4OC0zNDM2M2JjN2M0YzAiOnsiY3JlYXRlIjoxODAwMDAwMDAwMDAwfX0="
        }
      ]
    },
    {
      "mode": "managed",
      "type": "openstack_networking_floatingip_v2",
      "name": "ipfHost",
      "provider": "provider[\"registry.terraform.io/terraform-provider-openstack/openstack\"]",
      "instances": [
        {
          "schema_version": 0,
          "attributes": {
            "address": "172.29.249.167",
            "all_tags": [],
            "description": "",
            "dns_domain": "",
            "dns_name": "",
            "fixed_ip": "192.168.200.3",
            "id": "e59780e8-bbe9-4d35-95d5-887e8bd2e6a1",
            "pool": "public",
            "port_id": "c0718e06-49bc-4c83-ba31-3ea5e4800b72",
            "region": "",
            "subnet_id": null,
            "tags": [],
            "tenant_id": "cbb824104f354881846dc4107d2747f1",
            "timeouts": null,
            "value_specs": null
          },
          "sensitive_attributes": [],
          "private": "eyJlMmJmYjczMC1lY2FhLTExZTYtOGY4OC0zNDM2M2JjN2M0YzAiOnsiY3JlYXRlIjo2MDAwMDAwMDAwMDAsImRlbGV0ZSI6NjAwMDAwMDAwMDAwfX0="
        }
      ]
    },
    {
      "mode": "managed",
      "type": "openstack_networking_network_v2",
      "name": "control_network",
      "provider": "provider[\"registry.terraform.io/terraform-provider-openstack/openstack\"]",
      "instances": [
        {
          "schema_version": 0,
          "attributes": {
            "admin_state_up": true,
            "all_tags": [],
            "availability_zone_hints": [],
            "description": "",
            "dns_domain": "",
            "external": false,
            "id": "ba5d6a06-19f5-41c1-80be-92dbedd9aca8",
            "mtu": 1450,
            "name": "control_network",
            "port_security_enabled": false,
            "qos_policy_id": "",
            "region": "",
            "segments": [],
            "shared": true,
            "tags": [],
            "tenant_id": "cbb824104f354881846dc4107d2747f1",
            "timeouts": null,
            "transparent_vlan": false,
            "value_specs": null
          },
          "sensitive_attributes": [],
          "private": "eyJlMmJmYjczMC1lY2FhLTExZTYtOGY4OC0zNDM2M2JjN2M0YzAiOnsiY3JlYXRlIjo2MDAwMDAwMDAwMDAsImRlbGV0ZSI6NjAwMDAwMDAwMDAwfX0="
        }
      ]
    },
    {
      "mode": "managed",
      "type": "openstack_networking_network_v2",
      "name": "network01",
      "provider": "provider[\"registry.terraform.io/terraform-provider-openstack/openstack\"]",
      "instances": [
        {
          "schema_version": 0,
          "attributes": {
            "admin_state_up": true,
            "all_tags": [],
            "availability_zone_hints": [],
            "description": "",
            "dns_domain": "",
            "external": false,
            "id": "7eea5ac5-08e1-469a-a5a4-84771735c54f",
            "mtu": 1450,
            "name": "network01",
            "port_security_enabled": false,
            "qos_policy_id": "",
            "region": "",
            "segments": [],
            "shared": true,
            "tags": [],
            "tenant_id": "cbb824104f354881846dc4107d2747f1",
            "timeouts": null,
            "transparent_vlan": false,
            "value_specs": null
          },
          "sensitive_attributes": [],
          "private": "eyJlMmJmYjczMC1lY2FhLTExZTYtOGY4OC0zNDM2M2JjN2M0YzAiOnsiY3JlYXRlIjo2MDAwMDAwMDAwMDAsImRlbGV0ZSI6NjAwMDAwMDAwMDAwfX0="
        }
      ]
    },
    {
      "mode": "managed",
      "type": "openstack_networking_network_v2",
      "name": "network02",
      "provider": "provider[\"registry.terraform.io/terraform-provider-openstack/openstack\"]",
      "instances": [
        {
          "schema_version": 0,
          "attributes": {
            "admin_state_up": true,
            "all_tags": [],
            "availability_zone_hints": [],
            "description": "",
            "dns_domain": "",
            "external": false,
            "id": "8fc64416-aaf1-439a-83e7-4caea2c63c0b",
            "mtu": 1450,
            "name": "network02",
            "port_security_enabled": false,
            "qos_policy_id": "",
            "region": "",
            "segments": [],
            "shared": true,
            "tags": [],
            "tenant_id": "cbb824104f354881846dc4107d2747f1",
            "timeouts": null,
            "transparent_vlan": false,
            "value_specs": null
          },
          "sensitive_attributes": [],
          "private": "eyJlMmJmYjczMC1lY2FhLTExZTYtOGY4OC0zNDM2M2JjN2M0YzAiOnsiY3JlYXRlIjo2MDAwMDAwMDAwMDAsImRlbGV0ZSI6NjAwMDAwMDAwMDAwfX0="
        }
      ]
    },
    {
      "mode": "managed",
      "type": "openstack_networking_port_v2",
      "name": "port_control_network_Firewall",
      "provider": "provider[\"registry.terraform.io/terraform-provider-openstack/openstack\"]",
      "instances": [
        {
          "schema_version": 0,
          "attributes": {
            "admin_state_up": true,
            "all_fixed_ips": [
              "192.168.200.3"
            ],
            "all_security_group_ids": [],
            "all_tags": [],
            "allowed_address_pairs": [],
            "binding": [
              {
                "host_id": "aio1",
                "profile": "{}",
                "vif_details": {
                  "connectivity": "l2",
                  "port_filter": "true"
                },
                "vif_type": "bridge",
                "vnic_type": "normal"
              }
            ],
            "description": "",
            "device_id": "4ad94613-d43c-4f82-b1ff-837100ac42f9",
            "device_owner": "compute:nova",
            "dns_assignment": [],
            "dns_name": "",
            "extra_dhcp_option": [],
            "fixed_ip": [
              {
                "ip_address": "",
                "subnet_id": "1d4dc0ea-4d44-48a6-95ff-f3d90d1efe14"
              }
            ],
            "id": "c0718e06-49bc-4c83-ba31-3ea5e4800b72",
            "mac_address": "fa:16:3e:8c:ec:79",
            "name": "port_control_network_Firewall",
            "network_id": "ba5d6a06-19f5-41c1-80be-92dbedd9aca8",
            "no_fixed_ip": null,
            "no_security_groups": null,
            "port_security_enabled": false,
            "qos_policy_id": "",
            "region": "",
            "security_group_ids": null,
            "tags": [],
            "tenant_id": "cbb824104f354881846dc4107d2747f1",
            "timeouts": null,
            "value_specs": null
          },
          "sensitive_attributes": [],
          "private": "eyJlMmJmYjczMC1lY2FhLTExZTYtOGY4OC0zNDM2M2JjN2M0YzAiOnsiY3JlYXRlIjo2MDAwMDAwMDAwMDAsImRlbGV0ZSI6NjAwMDAwMDAwMDAwfX0=",
          "dependencies": [
            "openstack_networking_subnet_v2.subnet_control_network",
            "openstack_networking_network_v2.control_network"
          ]
        }
      ]
    },
    {
      "mode": "managed",
      "type": "openstack_networking_port_v2",
      "name": "port_network01_DebianA",
      "provider": "provider[\"registry.terraform.io/terraform-provider-openstack/openstack\"]",
      "instances": [
        {
          "schema_version": 0,
          "attributes": {
            "admin_state_up": true,
            "all_fixed_ips": [
              "10.20.30.3"
            ],
            "all_security_group_ids": [],
            "all_tags": [],
            "allowed_address_pairs": [],
            "binding": [
              {
                "host_id": "aio1",
                "profile": "{}",
                "vif_details": {
                  "connectivity": "l2",
                  "port_filter": "true"
                },
                "vif_type": "bridge",
                "vnic_type": "normal"
              }
            ],
            "description": "",
            "device_id": "2af366e9-854f-4b27-bae8-2bb105ca14cb",
            "device_owner": "compute:nova",
            "dns_assignment": [],
            "dns_name": "",
            "extra_dhcp_option": [],
            "fixed_ip": [
              {
                "ip_address": "10.20.30.3",
                "subnet_id": "a9e6fd10-e82a-449a-8174-2e435e1e622a"
              }
            ],
            "id": "b96553a2-6f06-46f1-bbba-79c60ed83d78",
            "mac_address": "fa:16:3e:13:88:ca",
            "name": "port_network01_DebianA",
            "network_id": "7eea5ac5-08e1-469a-a5a4-84771735c54f",
            "no_fixed_ip": null,
            "no_security_groups": null,
            "port_security_enabled": false,
            "qos_policy_id": "",
            "region": "",
            "security_group_ids": null,
            "tags": [],
            "tenant_id": "cbb824104f354881846dc4107d2747f1",
            "timeouts": null,
            "value_specs": null
          },
          "sensitive_attributes": [],
          "private": "eyJlMmJmYjczMC1lY2FhLTExZTYtOGY4OC0zNDM2M2JjN2M0YzAiOnsiY3JlYXRlIjo2MDAwMDAwMDAwMDAsImRlbGV0ZSI6NjAwMDAwMDAwMDAwfX0=",
          "dependencies": [
            "openstack_networking_network_v2.network01",
            "openstack_networking_subnet_v2.subnet_network01"
          ]
        }
      ]
    },
    {
      "mode": "managed",
      "type": "openstack_networking_port_v2",
      "name": "port_network01_DebianB",
      "provider": "provider[\"registry.terraform.io/terraform-provider-openstack/openstack\"]",
      "instances": [
        {
          "schema_version": 0,
          "attributes": {
            "admin_state_up": true,
            "all_fixed_ips": [
              "10.20.30.4"
            ],
            "all_security_group_ids": [],
            "all_tags": [],
            "allowed_address_pairs": [],
            "binding": [
              {
                "host_id": "aio1",
                "profile": "{}",
                "vif_details": {
                  "connectivity": "l2",
                  "port_filter": "true"
                },
                "vif_type": "bridge",
                "vnic_type": "normal"
              }
            ],
            "description": "",
            "device_id": "301aa202-66a8-455a-94a7-8448305762da",
            "device_owner": "compute:nova",
            "dns_assignment": [],
            "dns_name": "",
            "extra_dhcp_option": [],
            "fixed_ip": [
              {
                "ip_address": "10.20.30.4",
                "subnet_id": "a9e6fd10-e82a-449a-8174-2e435e1e622a"
              }
            ],
            "id": "88a6e834-1d36-4193-a69e-a82465a45312",
            "mac_address": "fa:16:3e:4d:58:96",
            "name": "port_network01_DebianB",
            "network_id": "7eea5ac5-08e1-469a-a5a4-84771735c54f",
            "no_fixed_ip": null,
            "no_security_groups": null,
            "port_security_enabled": false,
            "qos_policy_id": "",
            "region": "",
            "security_group_ids": null,
            "tags": [],
            "tenant_id": "cbb824104f354881846dc4107d2747f1",
            "timeouts": null,
            "value_specs": null
          },
          "sensitive_attributes": [],
          "private": "eyJlMmJmYjczMC1lY2FhLTExZTYtOGY4OC0zNDM2M2JjN2M0YzAiOnsiY3JlYXRlIjo2MDAwMDAwMDAwMDAsImRlbGV0ZSI6NjAwMDAwMDAwMDAwfX0=",
          "dependencies": [
            "openstack_networking_network_v2.network01",
            "openstack_networking_subnet_v2.subnet_network01"
          ]
        }
      ]
    },
    {
      "mode": "managed",
      "type": "openstack_networking_port_v2",
      "name": "port_network01_Firewall",
      "provider": "provider[\"registry.terraform.io/terraform-provider-openstack/openstack\"]",
      "instances": [
        {
          "schema_version": 0,
          "attributes": {
            "admin_state_up": true,
            "all_fixed_ips": [
              "10.20.30.5"
            ],
            "all_security_group_ids": [],
            "all_tags": [],
            "allowed_address_pairs": [],
            "binding": [
              {
                "host_id": "aio1",
                "profile": "{}",
                "vif_details": {
                  "connectivity": "l2",
                  "port_filter": "true"
                },
                "vif_type": "bridge",
                "vnic_type": "normal"
              }
            ],
            "description": "",
            "device_id": "4ad94613-d43c-4f82-b1ff-837100ac42f9",
            "device_owner": "compute:nova",
            "dns_assignment": [],
            "dns_name": "",
            "extra_dhcp_option": [],
            "fixed_ip": [
              {
                "ip_address": "10.20.30.5",
                "subnet_id": "a9e6fd10-e82a-449a-8174-2e435e1e622a"
              }
            ],
            "id": "2f72b1ea-0988-41f7-bfef-f24f2a39b8ca",
            "mac_address": "fa:16:3e:a9:85:ab",
            "name": "port_network01_Firewall",
            "network_id": "7eea5ac5-08e1-469a-a5a4-84771735c54f",
            "no_fixed_ip": null,
            "no_security_groups": null,
            "port_security_enabled": false,
            "qos_policy_id": "",
            "region": "",
            "security_group_ids": null,
            "tags": [],
            "tenant_id": "cbb824104f354881846dc4107d2747f1",
            "timeouts": null,
            "value_specs": null
          },
          "sensitive_attributes": [],
          "private": "eyJlMmJmYjczMC1lY2FhLTExZTYtOGY4OC0zNDM2M2JjN2M0YzAiOnsiY3JlYXRlIjo2MDAwMDAwMDAwMDAsImRlbGV0ZSI6NjAwMDAwMDAwMDAwfX0=",
          "dependencies": [
            "openstack_networking_network_v2.network01",
            "openstack_networking_subnet_v2.subnet_network01"
          ]
        }
      ]
    },
    {
      "mode": "managed",
      "type": "openstack_networking_port_v2",
      "name": "port_network02_Firewall",
      "provider": "provider[\"registry.terraform.io/terraform-provider-openstack/openstack\"]",
      "instances": [
        {
          "schema_version": 0,
          "attributes": {
            "admin_state_up": true,
            "all_fixed_ips": [
              "172.157.155.5"
            ],
            "all_security_group_ids": [],
            "all_tags": [],
            "allowed_address_pairs": [],
            "binding": [
              {
                "host_id": "aio1",
                "profile": "{}",
                "vif_details": {
                  "connectivity": "l2",
                  "port_filter": "true"
                },
                "vif_type": "bridge",
                "vnic_type": "normal"
              }
            ],
            "description": "",
            "device_id": "4ad94613-d43c-4f82-b1ff-837100ac42f9",
            "device_owner": "compute:nova",
            "dns_assignment": [],
            "dns_name": "",
            "extra_dhcp_option": [],
            "fixed_ip": [
              {
                "ip_address": "172.157.155.5",
                "subnet_id": "8cdebb77-bbd5-4d6d-870a-d5450e4e378b"
              }
            ],
            "id": "db5d28d3-3d20-46be-88d4-be7b955f0f19",
            "mac_address": "fa:16:3e:5a:74:8a",
            "name": "port_network02_Firewall",
            "network_id": "8fc64416-aaf1-439a-83e7-4caea2c63c0b",
            "no_fixed_ip": null,
            "no_security_groups": null,
            "port_security_enabled": false,
            "qos_policy_id": "",
            "region": "",
            "security_group_ids": null,
            "tags": [],
            "tenant_id": "cbb824104f354881846dc4107d2747f1",
            "timeouts": null,
            "value_specs": null
          },
          "sensitive_attributes": [],
          "private": "eyJlMmJmYjczMC1lY2FhLTExZTYtOGY4OC0zNDM2M2JjN2M0YzAiOnsiY3JlYXRlIjo2MDAwMDAwMDAwMDAsImRlbGV0ZSI6NjAwMDAwMDAwMDAwfX0=",
          "dependencies": [
            "openstack_networking_subnet_v2.subnet_network02",
            "openstack_networking_network_v2.network02"
          ]
        }
      ]
    },
    {
      "mode": "managed",
      "type": "openstack_networking_port_v2",
      "name": "port_network02_UbuntuA",
      "provider": "provider[\"registry.terraform.io/terraform-provider-openstack/openstack\"]",
      "instances": [
        {
          "schema_version": 0,
          "attributes": {
            "admin_state_up": true,
            "all_fixed_ips": [
              "172.157.155.3"
            ],
            "all_security_group_ids": [],
            "all_tags": [],
            "allowed_address_pairs": [],
            "binding": [
              {
                "host_id": "aio1",
                "profile": "{}",
                "vif_details": {
                  "connectivity": "l2",
                  "port_filter": "true"
                },
                "vif_type": "bridge",
                "vnic_type": "normal"
              }
            ],
            "description": "",
            "device_id": "74dabd97-fc41-4964-98ff-67993977b04c",
            "device_owner": "compute:nova",
            "dns_assignment": [],
            "dns_name": "",
            "extra_dhcp_option": [],
            "fixed_ip": [
              {
                "ip_address": "172.157.155.3",
                "subnet_id": "8cdebb77-bbd5-4d6d-870a-d5450e4e378b"
              }
            ],
            "id": "cf88c961-3b6a-4833-837c-ff0238ee39ba",
            "mac_address": "fa:16:3e:44:86:4e",
            "name": "port_network02_UbuntuA",
            "network_id": "8fc64416-aaf1-439a-83e7-4caea2c63c0b",
            "no_fixed_ip": null,
            "no_security_groups": null,
            "port_security_enabled": false,
            "qos_policy_id": "",
            "region": "",
            "security_group_ids": null,
            "tags": [],
            "tenant_id": "cbb824104f354881846dc4107d2747f1",
            "timeouts": null,
            "value_specs": null
          },
          "sensitive_attributes": [],
          "private": "eyJlMmJmYjczMC1lY2FhLTExZTYtOGY4OC0zNDM2M2JjN2M0YzAiOnsiY3JlYXRlIjo2MDAwMDAwMDAwMDAsImRlbGV0ZSI6NjAwMDAwMDAwMDAwfX0=",
          "dependencies": [
            "openstack_networking_network_v2.network02",
            "openstack_networking_subnet_v2.subnet_network02"
          ]
        }
      ]
    },
    {
      "mode": "managed",
      "type": "openstack_networking_port_v2",
      "name": "port_network02_UbuntuB",
      "provider": "provider[\"registry.terraform.io/terraform-provider-openstack/openstack\"]",
      "instances": [
        {
          "schema_version": 0,
          "attributes": {
            "admin_state_up": true,
            "all_fixed_ips": [
              "172.157.155.4"
            ],
            "all_security_group_ids": [],
            "all_tags": [],
            "allowed_address_pairs": [],
            "binding": [
              {
                "host_id": "aio1",
                "profile": "{}",
                "vif_details": {
                  "connectivity": "l2",
                  "port_filter": "true"
                },
                "vif_type": "bridge",
                "vnic_type": "normal"
              }
            ],
            "description": "",
            "device_id": "ba8c2ae9-a721-4227-b9dc-2c0dc8daee03",
            "device_owner": "compute:nova",
            "dns_assignment": [],
            "dns_name": "",
            "extra_dhcp_option": [],
            "fixed_ip": [
              {
                "ip_address": "172.157.155.4",
                "subnet_id": "8cdebb77-bbd5-4d6d-870a-d5450e4e378b"
              }
            ],
            "id": "1acecdc4-445c-4a20-8bb7-7a9216753331",
            "mac_address": "fa:16:3e:36:44:21",
            "name": "port_network02_UbuntuB",
            "network_id": "8fc64416-aaf1-439a-83e7-4caea2c63c0b",
            "no_fixed_ip": null,
            "no_security_groups": null,
            "port_security_enabled": false,
            "qos_policy_id": "",
            "region": "",
            "security_group_ids": null,
            "tags": [],
            "tenant_id": "cbb824104f354881846dc4107d2747f1",
            "timeouts": null,
            "value_specs": null
          },
          "sensitive_attributes": [],
          "private": "eyJlMmJmYjczMC1lY2FhLTExZTYtOGY4OC0zNDM2M2JjN2M0YzAiOnsiY3JlYXRlIjo2MDAwMDAwMDAwMDAsImRlbGV0ZSI6NjAwMDAwMDAwMDAwfX0=",
          "dependencies": [
            "openstack_networking_network_v2.network02",
            "openstack_networking_subnet_v2.subnet_network02"
          ]
        }
      ]
    },
    {
      "mode": "managed",
      "type": "openstack_networking_router_interface_v2",
      "name": "interface_02",
      "provider": "provider[\"registry.terraform.io/terraform-provider-openstack/openstack\"]",
      "instances": [
        {
          "schema_version": 0,
          "attributes": {
            "id": "2168b11a-6bed-4a02-a192-f170ff3e870a",
            "port_id": "2168b11a-6bed-4a02-a192-f170ff3e870a",
            "region": "",
            "router_id": "04a2797e-7b53-4701-956a-e149417586a1",
            "subnet_id": "1d4dc0ea-4d44-48a6-95ff-f3d90d1efe14",
            "timeouts": null
          },
          "sensitive_attributes": [],
          "private": "eyJlMmJmYjczMC1lY2FhLTExZTYtOGY4OC0zNDM2M2JjN2M0YzAiOnsiY3JlYXRlIjo2MDAwMDAwMDAwMDAsImRlbGV0ZSI6NjAwMDAwMDAwMDAwfX0=",
          "dependencies": [
            "openstack_networking_network_v2.control_network",
            "openstack_networking_router_v2.control_router",
            "openstack_networking_subnet_v2.subnet_control_network"
          ]
        }
      ]
    },
    {
      "mode": "managed",
      "type": "openstack_networking_router_v2",
      "name": "control_router",
      "provider": "provider[\"registry.terraform.io/terraform-provider-openstack/openstack\"]",
      "instances": [
        {
          "schema_version": 0,
          "attributes": {
            "admin_state_up": true,
            "all_tags": [],
            "availability_zone_hints": [],
            "description": "",
            "distributed": false,
            "enable_snat": true,
            "external_fixed_ip": [
              {
                "ip_address": "172.29.249.155",
                "subnet_id": "43d4cd6b-e6e1-4a0d-ba15-b787115afbda"
              }
            ],
            "external_gateway": "e65c793c-419b-498f-85c0-3ff0e98843fb",
            "external_network_id": "e65c793c-419b-498f-85c0-3ff0e98843fb",
            "id": "04a2797e-7b53-4701-956a-e149417586a1",
            "name": "control_router",
            "region": "",
            "tags": [],
            "tenant_id": "cbb824104f354881846dc4107d2747f1",
            "timeouts": null,
            "value_specs": null,
            "vendor_options": []
          },
          "sensitive_attributes": [],
          "private": "eyJlMmJmYjczMC1lY2FhLTExZTYtOGY4OC0zNDM2M2JjN2M0YzAiOnsiY3JlYXRlIjo2MDAwMDAwMDAwMDAsImRlbGV0ZSI6NjAwMDAwMDAwMDAwfX0="
        }
      ]
    },
    {
      "mode": "managed",
      "type": "openstack_networking_subnet_v2",
      "name": "subnet_control_network",
      "provider": "provider[\"registry.terraform.io/terraform-provider-openstack/openstack\"]",
      "instances": [
        {
          "schema_version": 0,
          "attributes": {
            "all_tags": [],
            "allocation_pool": [
              {
                "end": "192.168.200.6",
                "start": "192.168.200.2"
              }
            ],
            "allocation_pools": [
              {
                "end": "192.168.200.6",
                "start": "192.168.200.2"
              }
            ],
            "cidr": "192.168.200.0/29",
            "description": "",
            "dns_nameservers": [],
            "enable_dhcp": true,
            "gateway_ip": "192.168.200.1",
            "host_routes": [],
            "id": "1d4dc0ea-4d44-48a6-95ff-f3d90d1efe14",
            "ip_version": 4,
            "ipv6_address_mode": "",
            "ipv6_ra_mode": "",
            "name": "",
            "network_id": "ba5d6a06-19f5-41c1-80be-92dbedd9aca8",
            "no_gateway": false,
            "prefix_length": null,
            "region": "",
            "subnetpool_id": "",
            "tags": [],
            "tenant_id": "cbb824104f354881846dc4107d2747f1",
            "timeouts": null,
            "value_specs": null
          },
          "sensitive_attributes": [],
          "private": "eyJlMmJmYjczMC1lY2FhLTExZTYtOGY4OC0zNDM2M2JjN2M0YzAiOnsiY3JlYXRlIjo2MDAwMDAwMDAwMDAsImRlbGV0ZSI6NjAwMDAwMDAwMDAwfX0=",
          "dependencies": [
            "openstack_networking_network_v2.control_network"
          ]
        }
      ]
    },
    {
      "mode": "managed",
      "type": "openstack_networking_subnet_v2",
      "name": "subnet_network01",
      "provider": "provider[\"registry.terraform.io/terraform-provider-openstack/openstack\"]",
      "instances": [
        {
          "schema_version": 0,
          "attributes": {
            "all_tags": [],
            "allocation_pool": [
              {
                "end": "10.20.30.4",
                "start": "10.20.30.1"
              },
              {
                "end": "10.20.30.6",
                "start": "10.20.30.6"
              }
            ],
            "allocation_pools": [
              {
                "end": "10.20.30.6",
                "start": "10.20.30.6"
              },
              {
                "end": "10.20.30.4",
                "start": "10.20.30.1"
              }
            ],
            "cidr": "10.20.30.0/29",
            "description": "",
            "dns_nameservers": [],
            "enable_dhcp": true,
            "gateway_ip": "10.20.30.5",
            "host_routes": [],
            "id": "a9e6fd10-e82a-449a-8174-2e435e1e622a",
            "ip_version": 4,
            "ipv6_address_mode": "",
            "ipv6_ra_mode": "",
            "name": "",
            "network_id": "7eea5ac5-08e1-469a-a5a4-84771735c54f",
            "no_gateway": false,
            "prefix_length": null,
            "region": "",
            "subnetpool_id": "",
            "tags": [],
            "tenant_id": "cbb824104f354881846dc4107d2747f1",
            "timeouts": null,
            "value_specs": null
          },
          "sensitive_attributes": [],
          "private": "eyJlMmJmYjczMC1lY2FhLTExZTYtOGY4OC0zNDM2M2JjN2M0YzAiOnsiY3JlYXRlIjo2MDAwMDAwMDAwMDAsImRlbGV0ZSI6NjAwMDAwMDAwMDAwfX0=",
          "dependencies": [
            "openstack_networking_network_v2.network01"
          ]
        }
      ]
    },
    {
      "mode": "managed",
      "type": "openstack_networking_subnet_v2",
      "name": "subnet_network02",
      "provider": "provider[\"registry.terraform.io/terraform-provider-openstack/openstack\"]",
      "instances": [
        {
          "schema_version": 0,
          "attributes": {
            "all_tags": [],
            "allocation_pool": [
              {
                "end": "172.157.155.4",
                "start": "172.157.155.1"
              },
              {
                "end": "172.157.155.6",
                "start": "172.157.155.6"
              }
            ],
            "allocation_pools": [
              {
                "end": "172.157.155.4",
                "start": "172.157.155.1"
              },
              {
                "end": "172.157.155.6",
                "start": "172.157.155.6"
              }
            ],
            "cidr": "172.157.155.0/29",
            "description": "",
            "dns_nameservers": [],
            "enable_dhcp": true,
            "gateway_ip": "172.157.155.5",
            "host_routes": [],
            "id": "8cdebb77-bbd5-4d6d-870a-d5450e4e378b",
            "ip_version": 4,
            "ipv6_address_mode": "",
            "ipv6_ra_mode": "",
            "name": "",
            "network_id": "8fc64416-aaf1-439a-83e7-4caea2c63c0b",
            "no_gateway": false,
            "prefix_length": null,
            "region": "",
            "subnetpool_id": "",
            "tags": [],
            "tenant_id": "cbb824104f354881846dc4107d2747f1",
            "timeouts": null,
            "value_specs": null
          },
          "sensitive_attributes": [],
          "private": "eyJlMmJmYjczMC1lY2FhLTExZTYtOGY4OC0zNDM2M2JjN2M0YzAiOnsiY3JlYXRlIjo2MDAwMDAwMDAwMDAsImRlbGV0ZSI6NjAwMDAwMDAwMDAwfX0=",
          "dependencies": [
            "openstack_networking_network_v2.network02"
          ]
        }
      ]
    }
  ]
}
